// !$*UTF8*$!
{
	archiveVersion = 1;
	classes = {
	};
	objectVersion = 51;
	objects = {

/* Begin PBXBuildFile section */
		9D017E7C23E86AA3007004A1 /* ButtonWithCornerRadius.swift in Sources */ = {isa = PBXBuildFile; fileRef = 9D017E7B23E86AA3007004A1 /* ButtonWithCornerRadius.swift */; };
		9D017E7E23E88CFA007004A1 /* CenterAlignedCollectionViewFlowLayout.swift in Sources */ = {isa = PBXBuildFile; fileRef = 9D017E7D23E88CFA007004A1 /* CenterAlignedCollectionViewFlowLayout.swift */; };
		9D020C9A23CC6285005B66E1 /* Pods_Amandala.framework in Frameworks */ = {isa = PBXBuildFile; fileRef = BE524FECFAF42662CBAEA28B /* Pods_Amandala.framework */; };
		9D020C9B23CC6285005B66E1 /* Pods_Amandala.framework in Embed Frameworks */ = {isa = PBXBuildFile; fileRef = BE524FECFAF42662CBAEA28B /* Pods_Amandala.framework */; settings = {ATTRIBUTES = (CodeSignOnCopy, RemoveHeadersOnCopy, ); }; };
		9D1D7EF223E485AE004AEFCF /* ShareViewController.swift in Sources */ = {isa = PBXBuildFile; fileRef = 9D1D7EF123E485AE004AEFCF /* ShareViewController.swift */; };
		9D48983023BDE25A001EC93B /* AppDelegate.swift in Sources */ = {isa = PBXBuildFile; fileRef = 9D48982F23BDE25A001EC93B /* AppDelegate.swift */; };
		9D48983223BDE25A001EC93B /* SceneDelegate.swift in Sources */ = {isa = PBXBuildFile; fileRef = 9D48983123BDE25A001EC93B /* SceneDelegate.swift */; };
		9D48983423BDE25A001EC93B /* DrawingAreaViewController.swift in Sources */ = {isa = PBXBuildFile; fileRef = 9D48983323BDE25A001EC93B /* DrawingAreaViewController.swift */; };
		9D48983723BDE25A001EC93B /* Main.storyboard in Resources */ = {isa = PBXBuildFile; fileRef = 9D48983523BDE25A001EC93B /* Main.storyboard */; };
		9D48983923BDE25B001EC93B /* Assets.xcassets in Resources */ = {isa = PBXBuildFile; fileRef = 9D48983823BDE25B001EC93B /* Assets.xcassets */; };
		9D48983C23BDE25C001EC93B /* LaunchScreen.storyboard in Resources */ = {isa = PBXBuildFile; fileRef = 9D48983A23BDE25B001EC93B /* LaunchScreen.storyboard */; };
		9D48984423BE17E4001EC93B /* UIColor+HEX.swift in Sources */ = {isa = PBXBuildFile; fileRef = 9D48984323BE17E4001EC93B /* UIColor+HEX.swift */; };
		9D48984623BE1C4F001EC93B /* Colors.swift in Sources */ = {isa = PBXBuildFile; fileRef = 9D48984523BE1C4F001EC93B /* Colors.swift */; };
		9D48984A23BE1FB0001EC93B /* Strings.swift in Sources */ = {isa = PBXBuildFile; fileRef = 9D48984923BE1FB0001EC93B /* Strings.swift */; };
		9D48984C23BE32E9001EC93B /* UIView+CornerRadius.swift in Sources */ = {isa = PBXBuildFile; fileRef = 9D48984B23BE32E9001EC93B /* UIView+CornerRadius.swift */; };
		9D6E8D2723D7304400ECE22D /* AlphaPicker.swift in Sources */ = {isa = PBXBuildFile; fileRef = 9D6E8D2623D7304300ECE22D /* AlphaPicker.swift */; };
		9D70FA8523E06C40007072C3 /* LibraryTableViewCell.swift in Sources */ = {isa = PBXBuildFile; fileRef = 9D70FA8323E06C40007072C3 /* LibraryTableViewCell.swift */; };
		9D70FA8623E06C40007072C3 /* LibraryTableViewCell.xib in Resources */ = {isa = PBXBuildFile; fileRef = 9D70FA8423E06C40007072C3 /* LibraryTableViewCell.xib */; };
		9D70FACD23E06D27007072C3 /* Special7.png in Resources */ = {isa = PBXBuildFile; fileRef = 9D70FA8923E06D25007072C3 /* Special7.png */; };
		9D70FACE23E06D27007072C3 /* Special6.png in Resources */ = {isa = PBXBuildFile; fileRef = 9D70FA8A23E06D25007072C3 /* Special6.png */; };
		9D70FACF23E06D27007072C3 /* Special4.png in Resources */ = {isa = PBXBuildFile; fileRef = 9D70FA8B23E06D25007072C3 /* Special4.png */; };
		9D70FAD023E06D27007072C3 /* Special5.png in Resources */ = {isa = PBXBuildFile; fileRef = 9D70FA8C23E06D25007072C3 /* Special5.png */; };
		9D70FAD123E06D27007072C3 /* Special1.png in Resources */ = {isa = PBXBuildFile; fileRef = 9D70FA8D23E06D25007072C3 /* Special1.png */; };
		9D70FAD223E06D27007072C3 /* Special2.png in Resources */ = {isa = PBXBuildFile; fileRef = 9D70FA8E23E06D25007072C3 /* Special2.png */; };
		9D70FAD323E06D27007072C3 /* Special3.png in Resources */ = {isa = PBXBuildFile; fileRef = 9D70FA8F23E06D25007072C3 /* Special3.png */; };
		9D70FAD423E06D27007072C3 /* Special8.png in Resources */ = {isa = PBXBuildFile; fileRef = 9D70FA9023E06D25007072C3 /* Special8.png */; };
		9D70FAD523E06D27007072C3 /* Special9.png in Resources */ = {isa = PBXBuildFile; fileRef = 9D70FA9123E06D25007072C3 /* Special9.png */; };
		9D70FAD623E06D27007072C3 /* Special11.png in Resources */ = {isa = PBXBuildFile; fileRef = 9D70FA9223E06D25007072C3 /* Special11.png */; };
		9D70FAD723E06D27007072C3 /* Special10.png in Resources */ = {isa = PBXBuildFile; fileRef = 9D70FA9323E06D25007072C3 /* Special10.png */; };
		9D70FAD823E06D27007072C3 /* Special12.png in Resources */ = {isa = PBXBuildFile; fileRef = 9D70FA9423E06D25007072C3 /* Special12.png */; };
		9D70FAD923E06D27007072C3 /* Special0.png in Resources */ = {isa = PBXBuildFile; fileRef = 9D70FA9523E06D25007072C3 /* Special0.png */; };
		9D70FADA23E06D27007072C3 /* Complex2.png in Resources */ = {isa = PBXBuildFile; fileRef = 9D70FA9723E06D26007072C3 /* Complex2.png */; };
		9D70FADB23E06D27007072C3 /* Complex3.png in Resources */ = {isa = PBXBuildFile; fileRef = 9D70FA9823E06D26007072C3 /* Complex3.png */; };
		9D70FADC23E06D27007072C3 /* Complex1.png in Resources */ = {isa = PBXBuildFile; fileRef = 9D70FA9923E06D26007072C3 /* Complex1.png */; };
		9D70FADD23E06D27007072C3 /* Complex4.png in Resources */ = {isa = PBXBuildFile; fileRef = 9D70FA9A23E06D26007072C3 /* Complex4.png */; };
		9D70FADE23E06D27007072C3 /* Complex5.png in Resources */ = {isa = PBXBuildFile; fileRef = 9D70FA9B23E06D26007072C3 /* Complex5.png */; };
		9D70FADF23E06D27007072C3 /* Complex7.png in Resources */ = {isa = PBXBuildFile; fileRef = 9D70FA9C23E06D26007072C3 /* Complex7.png */; };
		9D70FAE023E06D27007072C3 /* Complex6.png in Resources */ = {isa = PBXBuildFile; fileRef = 9D70FA9D23E06D26007072C3 /* Complex6.png */; };
		9D70FAE123E06D27007072C3 /* Complex11.png in Resources */ = {isa = PBXBuildFile; fileRef = 9D70FA9E23E06D26007072C3 /* Complex11.png */; };
		9D70FAE223E06D27007072C3 /* Complex10.png in Resources */ = {isa = PBXBuildFile; fileRef = 9D70FA9F23E06D26007072C3 /* Complex10.png */; };
		9D70FAE323E06D27007072C3 /* Complex12.png in Resources */ = {isa = PBXBuildFile; fileRef = 9D70FAA023E06D26007072C3 /* Complex12.png */; };
		9D70FAE423E06D27007072C3 /* Complex13.png in Resources */ = {isa = PBXBuildFile; fileRef = 9D70FAA123E06D26007072C3 /* Complex13.png */; };
		9D70FAE523E06D27007072C3 /* Complex14.png in Resources */ = {isa = PBXBuildFile; fileRef = 9D70FAA223E06D26007072C3 /* Complex14.png */; };
		9D70FAE623E06D27007072C3 /* Complex0.png in Resources */ = {isa = PBXBuildFile; fileRef = 9D70FAA323E06D26007072C3 /* Complex0.png */; };
		9D70FAE723E06D27007072C3 /* Complex8.png in Resources */ = {isa = PBXBuildFile; fileRef = 9D70FAA423E06D26007072C3 /* Complex8.png */; };
		9D70FAE823E06D27007072C3 /* Complex9.png in Resources */ = {isa = PBXBuildFile; fileRef = 9D70FAA523E06D26007072C3 /* Complex9.png */; };
		9D70FAE923E06D27007072C3 /* Medium20.png in Resources */ = {isa = PBXBuildFile; fileRef = 9D70FAA723E06D26007072C3 /* Medium20.png */; };
		9D70FAEA23E06D27007072C3 /* Medium0.png in Resources */ = {isa = PBXBuildFile; fileRef = 9D70FAA823E06D26007072C3 /* Medium0.png */; };
		9D70FAEB23E06D27007072C3 /* Medium19.png in Resources */ = {isa = PBXBuildFile; fileRef = 9D70FAA923E06D26007072C3 /* Medium19.png */; };
		9D70FAEC23E06D27007072C3 /* Medium18.png in Resources */ = {isa = PBXBuildFile; fileRef = 9D70FAAA23E06D26007072C3 /* Medium18.png */; };
		9D70FAED23E06D27007072C3 /* Medium3.png in Resources */ = {isa = PBXBuildFile; fileRef = 9D70FAAB23E06D26007072C3 /* Medium3.png */; };
		9D70FAEE23E06D27007072C3 /* Medium2.png in Resources */ = {isa = PBXBuildFile; fileRef = 9D70FAAC23E06D26007072C3 /* Medium2.png */; };
		9D70FAEF23E06D27007072C3 /* Medium1.png in Resources */ = {isa = PBXBuildFile; fileRef = 9D70FAAD23E06D26007072C3 /* Medium1.png */; };
		9D70FAF023E06D27007072C3 /* Medium5.png in Resources */ = {isa = PBXBuildFile; fileRef = 9D70FAAE23E06D26007072C3 /* Medium5.png */; };
		9D70FAF123E06D27007072C3 /* Medium4.png in Resources */ = {isa = PBXBuildFile; fileRef = 9D70FAAF23E06D26007072C3 /* Medium4.png */; };
		9D70FAF223E06D27007072C3 /* Medium6.png in Resources */ = {isa = PBXBuildFile; fileRef = 9D70FAB023E06D26007072C3 /* Medium6.png */; };
		9D70FAF323E06D27007072C3 /* Medium7.png in Resources */ = {isa = PBXBuildFile; fileRef = 9D70FAB123E06D26007072C3 /* Medium7.png */; };
		9D70FAF423E06D27007072C3 /* Medium9.png in Resources */ = {isa = PBXBuildFile; fileRef = 9D70FAB223E06D26007072C3 /* Medium9.png */; };
		9D70FAF523E06D27007072C3 /* Medium8.png in Resources */ = {isa = PBXBuildFile; fileRef = 9D70FAB323E06D26007072C3 /* Medium8.png */; };
		9D70FAF623E06D27007072C3 /* Medium16.png in Resources */ = {isa = PBXBuildFile; fileRef = 9D70FAB423E06D26007072C3 /* Medium16.png */; };
		9D70FAF723E06D27007072C3 /* Medium17.png in Resources */ = {isa = PBXBuildFile; fileRef = 9D70FAB523E06D26007072C3 /* Medium17.png */; };
		9D70FAF823E06D27007072C3 /* Medium15.png in Resources */ = {isa = PBXBuildFile; fileRef = 9D70FAB623E06D26007072C3 /* Medium15.png */; };
		9D70FAF923E06D28007072C3 /* Medium14.png in Resources */ = {isa = PBXBuildFile; fileRef = 9D70FAB723E06D26007072C3 /* Medium14.png */; };
		9D70FAFA23E06D28007072C3 /* Medium10.png in Resources */ = {isa = PBXBuildFile; fileRef = 9D70FAB823E06D26007072C3 /* Medium10.png */; };
		9D70FAFB23E06D28007072C3 /* Medium11.png in Resources */ = {isa = PBXBuildFile; fileRef = 9D70FAB923E06D27007072C3 /* Medium11.png */; };
		9D70FAFC23E06D28007072C3 /* Medium13.png in Resources */ = {isa = PBXBuildFile; fileRef = 9D70FABA23E06D27007072C3 /* Medium13.png */; };
		9D70FAFD23E06D28007072C3 /* Medium12.png in Resources */ = {isa = PBXBuildFile; fileRef = 9D70FABB23E06D27007072C3 /* Medium12.png */; };
		9D70FAFE23E06D28007072C3 /* Easy8.png in Resources */ = {isa = PBXBuildFile; fileRef = 9D70FABD23E06D27007072C3 /* Easy8.png */; };
		9D70FAFF23E06D28007072C3 /* Easy9.png in Resources */ = {isa = PBXBuildFile; fileRef = 9D70FABE23E06D27007072C3 /* Easy9.png */; };
		9D70FB0023E06D28007072C3 /* Easy0.png in Resources */ = {isa = PBXBuildFile; fileRef = 9D70FABF23E06D27007072C3 /* Easy0.png */; };
		9D70FB0123E06D28007072C3 /* Easy14.png in Resources */ = {isa = PBXBuildFile; fileRef = 9D70FAC023E06D27007072C3 /* Easy14.png */; };
		9D70FB0223E06D28007072C3 /* Easy15.png in Resources */ = {isa = PBXBuildFile; fileRef = 9D70FAC123E06D27007072C3 /* Easy15.png */; };
		9D70FB0323E06D28007072C3 /* Easy11.png in Resources */ = {isa = PBXBuildFile; fileRef = 9D70FAC223E06D27007072C3 /* Easy11.png */; };
		9D70FB0423E06D28007072C3 /* Easy10.png in Resources */ = {isa = PBXBuildFile; fileRef = 9D70FAC323E06D27007072C3 /* Easy10.png */; };
		9D70FB0523E06D28007072C3 /* Easy12.png in Resources */ = {isa = PBXBuildFile; fileRef = 9D70FAC423E06D27007072C3 /* Easy12.png */; };
		9D70FB0623E06D28007072C3 /* Easy13.png in Resources */ = {isa = PBXBuildFile; fileRef = 9D70FAC523E06D27007072C3 /* Easy13.png */; };
		9D70FB0723E06D28007072C3 /* Easy7.png in Resources */ = {isa = PBXBuildFile; fileRef = 9D70FAC623E06D27007072C3 /* Easy7.png */; };
		9D70FB0823E06D28007072C3 /* Easy6.png in Resources */ = {isa = PBXBuildFile; fileRef = 9D70FAC723E06D27007072C3 /* Easy6.png */; };
		9D70FB0923E06D28007072C3 /* Easy4.png in Resources */ = {isa = PBXBuildFile; fileRef = 9D70FAC823E06D27007072C3 /* Easy4.png */; };
		9D70FB0A23E06D28007072C3 /* Easy5.png in Resources */ = {isa = PBXBuildFile; fileRef = 9D70FAC923E06D27007072C3 /* Easy5.png */; };
		9D70FB0B23E06D28007072C3 /* Easy1.png in Resources */ = {isa = PBXBuildFile; fileRef = 9D70FACA23E06D27007072C3 /* Easy1.png */; };
		9D70FB0C23E06D28007072C3 /* Easy2.png in Resources */ = {isa = PBXBuildFile; fileRef = 9D70FACB23E06D27007072C3 /* Easy2.png */; };
		9D70FB0D23E06D28007072C3 /* Easy3.png in Resources */ = {isa = PBXBuildFile; fileRef = 9D70FACC23E06D27007072C3 /* Easy3.png */; };
		9D70FB1423E07EA7007072C3 /* HardcodedValuePictures.swift in Sources */ = {isa = PBXBuildFile; fileRef = 9D70FB1323E07EA7007072C3 /* HardcodedValuePictures.swift */; };
		9D712E4D23E025CC007BBEF2 /* LibraryViewController.swift in Sources */ = {isa = PBXBuildFile; fileRef = 9D712E4C23E025CC007BBEF2 /* LibraryViewController.swift */; };
		9D714DC523E9B4F100FD0992 /* LibraryCollectionViewCell.swift in Sources */ = {isa = PBXBuildFile; fileRef = 9D714DC323E9B4F000FD0992 /* LibraryCollectionViewCell.swift */; };
		9D714DC623E9B4F100FD0992 /* LibraryCollectionViewCell.xib in Resources */ = {isa = PBXBuildFile; fileRef = 9D714DC423E9B4F100FD0992 /* LibraryCollectionViewCell.xib */; };
		9D715B3023C8D4E3009BBCD1 /* PaintingImageView.swift in Sources */ = {isa = PBXBuildFile; fileRef = 9D715B2F23C8D4E3009BBCD1 /* PaintingImageView.swift */; };
		9D71DB1023E1806D00735AA9 /* HeaderOrderTableView.swift in Sources */ = {isa = PBXBuildFile; fileRef = 9D71DB0E23E1806D00735AA9 /* HeaderOrderTableView.swift */; };
		9D71DB1123E1806D00735AA9 /* HeaderOrderTableView.xib in Resources */ = {isa = PBXBuildFile; fileRef = 9D71DB0F23E1806D00735AA9 /* HeaderOrderTableView.xib */; };
		9D71DB1323E1A6A400735AA9 /* ImageViewWithCorner.swift in Sources */ = {isa = PBXBuildFile; fileRef = 9D71DB1223E1A6A400735AA9 /* ImageViewWithCorner.swift */; };
		9D72781023E431F60034769E /* CustomTabBarViewController.swift in Sources */ = {isa = PBXBuildFile; fileRef = 9D72780F23E431F60034769E /* CustomTabBarViewController.swift */; };
		9D73A38C23E1CCED00E73C52 /* GalleryViewController.swift in Sources */ = {isa = PBXBuildFile; fileRef = 9D73A38B23E1CCED00E73C52 /* GalleryViewController.swift */; };
		9D73A38E23E1E83A00E73C52 /* ViewController+Dismiss.swift in Sources */ = {isa = PBXBuildFile; fileRef = 9D73A38D23E1E83A00E73C52 /* ViewController+Dismiss.swift */; };
		9D7902A923E1BC2400D59709 /* MandalaCollectionViewCell.swift in Sources */ = {isa = PBXBuildFile; fileRef = 9D7902A723E1BC2400D59709 /* MandalaCollectionViewCell.swift */; };
		9D7902AC23E1C09500D59709 /* MandalaCollectionViewCell.xib in Resources */ = {isa = PBXBuildFile; fileRef = 9D7902AB23E1C09400D59709 /* MandalaCollectionViewCell.xib */; };
		9D7B689F23EABA5B002425C3 /* ViewWithCorner.swift in Sources */ = {isa = PBXBuildFile; fileRef = 9D7B689E23EABA5B002425C3 /* ViewWithCorner.swift */; };
		9D7B68A123EAC417002425C3 /* SvgSpecial1.svg in Resources */ = {isa = PBXBuildFile; fileRef = 9D7B68A023EAC417002425C3 /* SvgSpecial1.svg */; };
		9D7B68A323EAC5B2002425C3 /* SVGImageView.swift in Sources */ = {isa = PBXBuildFile; fileRef = 9D7B68A223EAC5B2002425C3 /* SVGImageView.swift */; };
		9D7B68A523EAD1C3002425C3 /* output-onlinepngtools (1).png in Resources */ = {isa = PBXBuildFile; fileRef = 9D7B68A423EAD1C3002425C3 /* output-onlinepngtools (1).png */; };
		9D7B68A723EAD2D4002425C3 /* 13.png in Resources */ = {isa = PBXBuildFile; fileRef = 9D7B68A623EAD2D3002425C3 /* 13.png */; };
		9D7B68A923EAEFB5002425C3 /* PDFSpecial1.pdf in Resources */ = {isa = PBXBuildFile; fileRef = 9D7B68A823EAEFB5002425C3 /* PDFSpecial1.pdf */; };
		9D7B68AB23EB1221002425C3 /* RoundButton.swift in Sources */ = {isa = PBXBuildFile; fileRef = 9D7B68AA23EB1221002425C3 /* RoundButton.swift */; };
		9D7FF13923CF0F7B00A00367 /* UIViewCircle.swift in Sources */ = {isa = PBXBuildFile; fileRef = 9D7FF13823CF0F7B00A00367 /* UIViewCircle.swift */; };
		9D83095823D607E600BCA699 /* MyPresentationController.swift in Sources */ = {isa = PBXBuildFile; fileRef = 9D83095723D607E600BCA699 /* MyPresentationController.swift */; };
		9D84A47223CE009B00654ACF /* ChooseColorCollectionViewCell.swift in Sources */ = {isa = PBXBuildFile; fileRef = 9D84A47023CE009B00654ACF /* ChooseColorCollectionViewCell.swift */; };
		9D84A47323CE009B00654ACF /* ChooseColorCollectionViewCell.xib in Resources */ = {isa = PBXBuildFile; fileRef = 9D84A47123CE009B00654ACF /* ChooseColorCollectionViewCell.xib */; };
		9D84A47523CE07E000654ACF /* View+ActivityIndicator.swift in Sources */ = {isa = PBXBuildFile; fileRef = 9D84A47423CE07E000654ACF /* View+ActivityIndicator.swift */; };
		9DAF6F9423D8472B0077AD54 /* OpenCVWrapper.mm in Sources */ = {isa = PBXBuildFile; fileRef = 9DAF6F8D23D847290077AD54 /* OpenCVWrapper.mm */; };
		9DAF6F9523D8472B0077AD54 /* LinkedList.swift in Sources */ = {isa = PBXBuildFile; fileRef = 9DAF6F8E23D847290077AD54 /* LinkedList.swift */; };
		9DAF6F9A23D850380077AD54 /* UIView+makeCorners.swift in Sources */ = {isa = PBXBuildFile; fileRef = 9DAF6F9923D850380077AD54 /* UIView+makeCorners.swift */; };
		9DAF6FA523D859860077AD54 /* ColorPickerViewController.swift in Sources */ = {isa = PBXBuildFile; fileRef = 9DAF6FA323D859860077AD54 /* ColorPickerViewController.swift */; };
		9DAF6FA623D859860077AD54 /* ColorPickerViewController.xib in Resources */ = {isa = PBXBuildFile; fileRef = 9DAF6FA423D859860077AD54 /* ColorPickerViewController.xib */; };
/* End PBXBuildFile section */

/* Begin PBXCopyFilesBuildPhase section */
		9D020C9C23CC6285005B66E1 /* Embed Frameworks */ = {
			isa = PBXCopyFilesBuildPhase;
			buildActionMask = 2147483647;
			dstPath = "";
			dstSubfolderSpec = 10;
			files = (
				9D020C9B23CC6285005B66E1 /* Pods_Amandala.framework in Embed Frameworks */,
			);
			name = "Embed Frameworks";
			runOnlyForDeploymentPostprocessing = 0;
		};
/* End PBXCopyFilesBuildPhase section */

/* Begin PBXFileReference section */
		4D7BD7D392793E8830505CED /* Pods-Amandala.release.xcconfig */ = {isa = PBXFileReference; includeInIndex = 1; lastKnownFileType = text.xcconfig; name = "Pods-Amandala.release.xcconfig"; path = "Target Support Files/Pods-Amandala/Pods-Amandala.release.xcconfig"; sourceTree = "<group>"; };
		9D017E7B23E86AA3007004A1 /* ButtonWithCornerRadius.swift */ = {isa = PBXFileReference; lastKnownFileType = sourcecode.swift; path = ButtonWithCornerRadius.swift; sourceTree = "<group>"; };
		9D017E7D23E88CFA007004A1 /* CenterAlignedCollectionViewFlowLayout.swift */ = {isa = PBXFileReference; lastKnownFileType = sourcecode.swift; path = CenterAlignedCollectionViewFlowLayout.swift; sourceTree = "<group>"; };
		9D1D7EF123E485AE004AEFCF /* ShareViewController.swift */ = {isa = PBXFileReference; lastKnownFileType = sourcecode.swift; path = ShareViewController.swift; sourceTree = "<group>"; };
		9D48982C23BDE25A001EC93B /* Amandala.app */ = {isa = PBXFileReference; explicitFileType = wrapper.application; includeInIndex = 0; path = Amandala.app; sourceTree = BUILT_PRODUCTS_DIR; };
		9D48982F23BDE25A001EC93B /* AppDelegate.swift */ = {isa = PBXFileReference; lastKnownFileType = sourcecode.swift; path = AppDelegate.swift; sourceTree = "<group>"; };
		9D48983123BDE25A001EC93B /* SceneDelegate.swift */ = {isa = PBXFileReference; lastKnownFileType = sourcecode.swift; path = SceneDelegate.swift; sourceTree = "<group>"; };
		9D48983323BDE25A001EC93B /* DrawingAreaViewController.swift */ = {isa = PBXFileReference; lastKnownFileType = sourcecode.swift; path = DrawingAreaViewController.swift; sourceTree = "<group>"; };
		9D48983623BDE25A001EC93B /* Base */ = {isa = PBXFileReference; lastKnownFileType = file.storyboard; name = Base; path = Base.lproj/Main.storyboard; sourceTree = "<group>"; };
		9D48983823BDE25B001EC93B /* Assets.xcassets */ = {isa = PBXFileReference; lastKnownFileType = folder.assetcatalog; path = Assets.xcassets; sourceTree = "<group>"; };
		9D48983B23BDE25B001EC93B /* Base */ = {isa = PBXFileReference; lastKnownFileType = file.storyboard; name = Base; path = Base.lproj/LaunchScreen.storyboard; sourceTree = "<group>"; };
		9D48983D23BDE25C001EC93B /* Info.plist */ = {isa = PBXFileReference; lastKnownFileType = text.plist.xml; path = Info.plist; sourceTree = "<group>"; };
		9D48984323BE17E4001EC93B /* UIColor+HEX.swift */ = {isa = PBXFileReference; lastKnownFileType = sourcecode.swift; path = "UIColor+HEX.swift"; sourceTree = "<group>"; };
		9D48984523BE1C4F001EC93B /* Colors.swift */ = {isa = PBXFileReference; lastKnownFileType = sourcecode.swift; path = Colors.swift; sourceTree = "<group>"; };
		9D48984923BE1FB0001EC93B /* Strings.swift */ = {isa = PBXFileReference; lastKnownFileType = sourcecode.swift; path = Strings.swift; sourceTree = "<group>"; };
		9D48984B23BE32E9001EC93B /* UIView+CornerRadius.swift */ = {isa = PBXFileReference; lastKnownFileType = sourcecode.swift; path = "UIView+CornerRadius.swift"; sourceTree = "<group>"; };
		9D6E8D2623D7304300ECE22D /* AlphaPicker.swift */ = {isa = PBXFileReference; lastKnownFileType = sourcecode.swift; path = AlphaPicker.swift; sourceTree = "<group>"; };
		9D70FA8323E06C40007072C3 /* LibraryTableViewCell.swift */ = {isa = PBXFileReference; lastKnownFileType = sourcecode.swift; path = LibraryTableViewCell.swift; sourceTree = "<group>"; };
		9D70FA8423E06C40007072C3 /* LibraryTableViewCell.xib */ = {isa = PBXFileReference; lastKnownFileType = file.xib; path = LibraryTableViewCell.xib; sourceTree = "<group>"; };
		9D70FA8923E06D25007072C3 /* Special7.png */ = {isa = PBXFileReference; lastKnownFileType = image.png; path = Special7.png; sourceTree = "<group>"; };
		9D70FA8A23E06D25007072C3 /* Special6.png */ = {isa = PBXFileReference; lastKnownFileType = image.png; path = Special6.png; sourceTree = "<group>"; };
		9D70FA8B23E06D25007072C3 /* Special4.png */ = {isa = PBXFileReference; lastKnownFileType = image.png; path = Special4.png; sourceTree = "<group>"; };
		9D70FA8C23E06D25007072C3 /* Special5.png */ = {isa = PBXFileReference; lastKnownFileType = image.png; path = Special5.png; sourceTree = "<group>"; };
		9D70FA8D23E06D25007072C3 /* Special1.png */ = {isa = PBXFileReference; lastKnownFileType = image.png; path = Special1.png; sourceTree = "<group>"; };
		9D70FA8E23E06D25007072C3 /* Special2.png */ = {isa = PBXFileReference; lastKnownFileType = image.png; path = Special2.png; sourceTree = "<group>"; };
		9D70FA8F23E06D25007072C3 /* Special3.png */ = {isa = PBXFileReference; lastKnownFileType = image.png; path = Special3.png; sourceTree = "<group>"; };
		9D70FA9023E06D25007072C3 /* Special8.png */ = {isa = PBXFileReference; lastKnownFileType = image.png; path = Special8.png; sourceTree = "<group>"; };
		9D70FA9123E06D25007072C3 /* Special9.png */ = {isa = PBXFileReference; lastKnownFileType = image.png; path = Special9.png; sourceTree = "<group>"; };
		9D70FA9223E06D25007072C3 /* Special11.png */ = {isa = PBXFileReference; lastKnownFileType = image.png; path = Special11.png; sourceTree = "<group>"; };
		9D70FA9323E06D25007072C3 /* Special10.png */ = {isa = PBXFileReference; lastKnownFileType = image.png; path = Special10.png; sourceTree = "<group>"; };
		9D70FA9423E06D25007072C3 /* Special12.png */ = {isa = PBXFileReference; lastKnownFileType = image.png; path = Special12.png; sourceTree = "<group>"; };
		9D70FA9523E06D25007072C3 /* Special0.png */ = {isa = PBXFileReference; lastKnownFileType = image.png; path = Special0.png; sourceTree = "<group>"; };
		9D70FA9723E06D26007072C3 /* Complex2.png */ = {isa = PBXFileReference; lastKnownFileType = image.png; path = Complex2.png; sourceTree = "<group>"; };
		9D70FA9823E06D26007072C3 /* Complex3.png */ = {isa = PBXFileReference; lastKnownFileType = image.png; path = Complex3.png; sourceTree = "<group>"; };
		9D70FA9923E06D26007072C3 /* Complex1.png */ = {isa = PBXFileReference; lastKnownFileType = image.png; path = Complex1.png; sourceTree = "<group>"; };
		9D70FA9A23E06D26007072C3 /* Complex4.png */ = {isa = PBXFileReference; lastKnownFileType = image.png; path = Complex4.png; sourceTree = "<group>"; };
		9D70FA9B23E06D26007072C3 /* Complex5.png */ = {isa = PBXFileReference; lastKnownFileType = image.png; path = Complex5.png; sourceTree = "<group>"; };
		9D70FA9C23E06D26007072C3 /* Complex7.png */ = {isa = PBXFileReference; lastKnownFileType = image.png; path = Complex7.png; sourceTree = "<group>"; };
		9D70FA9D23E06D26007072C3 /* Complex6.png */ = {isa = PBXFileReference; lastKnownFileType = image.png; path = Complex6.png; sourceTree = "<group>"; };
		9D70FA9E23E06D26007072C3 /* Complex11.png */ = {isa = PBXFileReference; lastKnownFileType = image.png; path = Complex11.png; sourceTree = "<group>"; };
		9D70FA9F23E06D26007072C3 /* Complex10.png */ = {isa = PBXFileReference; lastKnownFileType = image.png; path = Complex10.png; sourceTree = "<group>"; };
		9D70FAA023E06D26007072C3 /* Complex12.png */ = {isa = PBXFileReference; lastKnownFileType = image.png; path = Complex12.png; sourceTree = "<group>"; };
		9D70FAA123E06D26007072C3 /* Complex13.png */ = {isa = PBXFileReference; lastKnownFileType = image.png; path = Complex13.png; sourceTree = "<group>"; };
		9D70FAA223E06D26007072C3 /* Complex14.png */ = {isa = PBXFileReference; lastKnownFileType = image.png; path = Complex14.png; sourceTree = "<group>"; };
		9D70FAA323E06D26007072C3 /* Complex0.png */ = {isa = PBXFileReference; lastKnownFileType = image.png; path = Complex0.png; sourceTree = "<group>"; };
		9D70FAA423E06D26007072C3 /* Complex8.png */ = {isa = PBXFileReference; lastKnownFileType = image.png; path = Complex8.png; sourceTree = "<group>"; };
		9D70FAA523E06D26007072C3 /* Complex9.png */ = {isa = PBXFileReference; lastKnownFileType = image.png; path = Complex9.png; sourceTree = "<group>"; };
		9D70FAA723E06D26007072C3 /* Medium20.png */ = {isa = PBXFileReference; lastKnownFileType = image.png; path = Medium20.png; sourceTree = "<group>"; };
		9D70FAA823E06D26007072C3 /* Medium0.png */ = {isa = PBXFileReference; lastKnownFileType = image.png; path = Medium0.png; sourceTree = "<group>"; };
		9D70FAA923E06D26007072C3 /* Medium19.png */ = {isa = PBXFileReference; lastKnownFileType = image.png; path = Medium19.png; sourceTree = "<group>"; };
		9D70FAAA23E06D26007072C3 /* Medium18.png */ = {isa = PBXFileReference; lastKnownFileType = image.png; path = Medium18.png; sourceTree = "<group>"; };
		9D70FAAB23E06D26007072C3 /* Medium3.png */ = {isa = PBXFileReference; lastKnownFileType = image.png; path = Medium3.png; sourceTree = "<group>"; };
		9D70FAAC23E06D26007072C3 /* Medium2.png */ = {isa = PBXFileReference; lastKnownFileType = image.png; path = Medium2.png; sourceTree = "<group>"; };
		9D70FAAD23E06D26007072C3 /* Medium1.png */ = {isa = PBXFileReference; lastKnownFileType = image.png; path = Medium1.png; sourceTree = "<group>"; };
		9D70FAAE23E06D26007072C3 /* Medium5.png */ = {isa = PBXFileReference; lastKnownFileType = image.png; path = Medium5.png; sourceTree = "<group>"; };
		9D70FAAF23E06D26007072C3 /* Medium4.png */ = {isa = PBXFileReference; lastKnownFileType = image.png; path = Medium4.png; sourceTree = "<group>"; };
		9D70FAB023E06D26007072C3 /* Medium6.png */ = {isa = PBXFileReference; lastKnownFileType = image.png; path = Medium6.png; sourceTree = "<group>"; };
		9D70FAB123E06D26007072C3 /* Medium7.png */ = {isa = PBXFileReference; lastKnownFileType = image.png; path = Medium7.png; sourceTree = "<group>"; };
		9D70FAB223E06D26007072C3 /* Medium9.png */ = {isa = PBXFileReference; lastKnownFileType = image.png; path = Medium9.png; sourceTree = "<group>"; };
		9D70FAB323E06D26007072C3 /* Medium8.png */ = {isa = PBXFileReference; lastKnownFileType = image.png; path = Medium8.png; sourceTree = "<group>"; };
		9D70FAB423E06D26007072C3 /* Medium16.png */ = {isa = PBXFileReference; lastKnownFileType = image.png; path = Medium16.png; sourceTree = "<group>"; };
		9D70FAB523E06D26007072C3 /* Medium17.png */ = {isa = PBXFileReference; lastKnownFileType = image.png; path = Medium17.png; sourceTree = "<group>"; };
		9D70FAB623E06D26007072C3 /* Medium15.png */ = {isa = PBXFileReference; lastKnownFileType = image.png; path = Medium15.png; sourceTree = "<group>"; };
		9D70FAB723E06D26007072C3 /* Medium14.png */ = {isa = PBXFileReference; lastKnownFileType = image.png; path = Medium14.png; sourceTree = "<group>"; };
		9D70FAB823E06D26007072C3 /* Medium10.png */ = {isa = PBXFileReference; lastKnownFileType = image.png; path = Medium10.png; sourceTree = "<group>"; };
		9D70FAB923E06D27007072C3 /* Medium11.png */ = {isa = PBXFileReference; lastKnownFileType = image.png; path = Medium11.png; sourceTree = "<group>"; };
		9D70FABA23E06D27007072C3 /* Medium13.png */ = {isa = PBXFileReference; lastKnownFileType = image.png; path = Medium13.png; sourceTree = "<group>"; };
		9D70FABB23E06D27007072C3 /* Medium12.png */ = {isa = PBXFileReference; lastKnownFileType = image.png; path = Medium12.png; sourceTree = "<group>"; };
		9D70FABD23E06D27007072C3 /* Easy8.png */ = {isa = PBXFileReference; lastKnownFileType = image.png; path = Easy8.png; sourceTree = "<group>"; };
		9D70FABE23E06D27007072C3 /* Easy9.png */ = {isa = PBXFileReference; lastKnownFileType = image.png; path = Easy9.png; sourceTree = "<group>"; };
		9D70FABF23E06D27007072C3 /* Easy0.png */ = {isa = PBXFileReference; lastKnownFileType = image.png; path = Easy0.png; sourceTree = "<group>"; };
		9D70FAC023E06D27007072C3 /* Easy14.png */ = {isa = PBXFileReference; lastKnownFileType = image.png; path = Easy14.png; sourceTree = "<group>"; };
		9D70FAC123E06D27007072C3 /* Easy15.png */ = {isa = PBXFileReference; lastKnownFileType = image.png; path = Easy15.png; sourceTree = "<group>"; };
		9D70FAC223E06D27007072C3 /* Easy11.png */ = {isa = PBXFileReference; lastKnownFileType = image.png; path = Easy11.png; sourceTree = "<group>"; };
		9D70FAC323E06D27007072C3 /* Easy10.png */ = {isa = PBXFileReference; lastKnownFileType = image.png; path = Easy10.png; sourceTree = "<group>"; };
		9D70FAC423E06D27007072C3 /* Easy12.png */ = {isa = PBXFileReference; lastKnownFileType = image.png; path = Easy12.png; sourceTree = "<group>"; };
		9D70FAC523E06D27007072C3 /* Easy13.png */ = {isa = PBXFileReference; lastKnownFileType = image.png; path = Easy13.png; sourceTree = "<group>"; };
		9D70FAC623E06D27007072C3 /* Easy7.png */ = {isa = PBXFileReference; lastKnownFileType = image.png; path = Easy7.png; sourceTree = "<group>"; };
		9D70FAC723E06D27007072C3 /* Easy6.png */ = {isa = PBXFileReference; lastKnownFileType = image.png; path = Easy6.png; sourceTree = "<group>"; };
		9D70FAC823E06D27007072C3 /* Easy4.png */ = {isa = PBXFileReference; lastKnownFileType = image.png; path = Easy4.png; sourceTree = "<group>"; };
		9D70FAC923E06D27007072C3 /* Easy5.png */ = {isa = PBXFileReference; lastKnownFileType = image.png; path = Easy5.png; sourceTree = "<group>"; };
		9D70FACA23E06D27007072C3 /* Easy1.png */ = {isa = PBXFileReference; lastKnownFileType = image.png; path = Easy1.png; sourceTree = "<group>"; };
		9D70FACB23E06D27007072C3 /* Easy2.png */ = {isa = PBXFileReference; lastKnownFileType = image.png; path = Easy2.png; sourceTree = "<group>"; };
		9D70FACC23E06D27007072C3 /* Easy3.png */ = {isa = PBXFileReference; lastKnownFileType = image.png; path = Easy3.png; sourceTree = "<group>"; };
		9D70FB1323E07EA7007072C3 /* HardcodedValuePictures.swift */ = {isa = PBXFileReference; lastKnownFileType = sourcecode.swift; path = HardcodedValuePictures.swift; sourceTree = "<group>"; };
		9D712E4C23E025CC007BBEF2 /* LibraryViewController.swift */ = {isa = PBXFileReference; lastKnownFileType = sourcecode.swift; path = LibraryViewController.swift; sourceTree = "<group>"; };
		9D714DC323E9B4F000FD0992 /* LibraryCollectionViewCell.swift */ = {isa = PBXFileReference; fileEncoding = 4; lastKnownFileType = sourcecode.swift; path = LibraryCollectionViewCell.swift; sourceTree = "<group>"; };
		9D714DC423E9B4F100FD0992 /* LibraryCollectionViewCell.xib */ = {isa = PBXFileReference; fileEncoding = 4; lastKnownFileType = file.xib; path = LibraryCollectionViewCell.xib; sourceTree = "<group>"; };
		9D715B2F23C8D4E3009BBCD1 /* PaintingImageView.swift */ = {isa = PBXFileReference; fileEncoding = 4; lastKnownFileType = sourcecode.swift; path = PaintingImageView.swift; sourceTree = "<group>"; };
		9D71DB0E23E1806D00735AA9 /* HeaderOrderTableView.swift */ = {isa = PBXFileReference; fileEncoding = 4; lastKnownFileType = sourcecode.swift; path = HeaderOrderTableView.swift; sourceTree = "<group>"; };
		9D71DB0F23E1806D00735AA9 /* HeaderOrderTableView.xib */ = {isa = PBXFileReference; fileEncoding = 4; lastKnownFileType = file.xib; path = HeaderOrderTableView.xib; sourceTree = "<group>"; };
		9D71DB1223E1A6A400735AA9 /* ImageViewWithCorner.swift */ = {isa = PBXFileReference; lastKnownFileType = sourcecode.swift; path = ImageViewWithCorner.swift; sourceTree = "<group>"; };
		9D72780F23E431F60034769E /* CustomTabBarViewController.swift */ = {isa = PBXFileReference; lastKnownFileType = sourcecode.swift; path = CustomTabBarViewController.swift; sourceTree = "<group>"; };
		9D73A38B23E1CCED00E73C52 /* GalleryViewController.swift */ = {isa = PBXFileReference; lastKnownFileType = sourcecode.swift; path = GalleryViewController.swift; sourceTree = "<group>"; };
		9D73A38D23E1E83A00E73C52 /* ViewController+Dismiss.swift */ = {isa = PBXFileReference; lastKnownFileType = sourcecode.swift; path = "ViewController+Dismiss.swift"; sourceTree = "<group>"; };
		9D7902A723E1BC2400D59709 /* MandalaCollectionViewCell.swift */ = {isa = PBXFileReference; lastKnownFileType = sourcecode.swift; path = MandalaCollectionViewCell.swift; sourceTree = "<group>"; };
		9D7902AB23E1C09400D59709 /* MandalaCollectionViewCell.xib */ = {isa = PBXFileReference; fileEncoding = 4; lastKnownFileType = file.xib; path = MandalaCollectionViewCell.xib; sourceTree = "<group>"; };
		9D7B689E23EABA5B002425C3 /* ViewWithCorner.swift */ = {isa = PBXFileReference; lastKnownFileType = sourcecode.swift; path = ViewWithCorner.swift; sourceTree = "<group>"; };
		9D7B68A023EAC417002425C3 /* SvgSpecial1.svg */ = {isa = PBXFileReference; fileEncoding = 4; lastKnownFileType = text.xml; path = SvgSpecial1.svg; sourceTree = "<group>"; };
		9D7B68A223EAC5B2002425C3 /* SVGImageView.swift */ = {isa = PBXFileReference; lastKnownFileType = sourcecode.swift; path = SVGImageView.swift; sourceTree = "<group>"; };
		9D7B68A423EAD1C3002425C3 /* output-onlinepngtools (1).png */ = {isa = PBXFileReference; lastKnownFileType = image.png; path = "output-onlinepngtools (1).png"; sourceTree = "<group>"; };
		9D7B68A623EAD2D3002425C3 /* 13.png */ = {isa = PBXFileReference; lastKnownFileType = image.png; path = 13.png; sourceTree = "<group>"; };
		9D7B68A823EAEFB5002425C3 /* PDFSpecial1.pdf */ = {isa = PBXFileReference; lastKnownFileType = image.pdf; path = PDFSpecial1.pdf; sourceTree = "<group>"; };
		9D7B68AA23EB1221002425C3 /* RoundButton.swift */ = {isa = PBXFileReference; lastKnownFileType = sourcecode.swift; path = RoundButton.swift; sourceTree = "<group>"; };
		9D7FF13823CF0F7B00A00367 /* UIViewCircle.swift */ = {isa = PBXFileReference; lastKnownFileType = sourcecode.swift; path = UIViewCircle.swift; sourceTree = "<group>"; };
		9D83095723D607E600BCA699 /* MyPresentationController.swift */ = {isa = PBXFileReference; lastKnownFileType = sourcecode.swift; path = MyPresentationController.swift; sourceTree = "<group>"; };
		9D84A47023CE009B00654ACF /* ChooseColorCollectionViewCell.swift */ = {isa = PBXFileReference; lastKnownFileType = sourcecode.swift; path = ChooseColorCollectionViewCell.swift; sourceTree = "<group>"; };
		9D84A47123CE009B00654ACF /* ChooseColorCollectionViewCell.xib */ = {isa = PBXFileReference; lastKnownFileType = file.xib; path = ChooseColorCollectionViewCell.xib; sourceTree = "<group>"; };
		9D84A47423CE07E000654ACF /* View+ActivityIndicator.swift */ = {isa = PBXFileReference; lastKnownFileType = sourcecode.swift; path = "View+ActivityIndicator.swift"; sourceTree = "<group>"; };
		9DAF6F8D23D847290077AD54 /* OpenCVWrapper.mm */ = {isa = PBXFileReference; fileEncoding = 4; lastKnownFileType = sourcecode.cpp.objcpp; path = OpenCVWrapper.mm; sourceTree = "<group>"; };
		9DAF6F8E23D847290077AD54 /* LinkedList.swift */ = {isa = PBXFileReference; fileEncoding = 4; lastKnownFileType = sourcecode.swift; path = LinkedList.swift; sourceTree = "<group>"; };
		9DAF6F9023D8472A0077AD54 /* OpenCVWrapper.h */ = {isa = PBXFileReference; fileEncoding = 4; lastKnownFileType = sourcecode.c.h; path = OpenCVWrapper.h; sourceTree = "<group>"; };
		9DAF6F9223D8472A0077AD54 /* Amandala-Bridging-Header.h */ = {isa = PBXFileReference; fileEncoding = 4; lastKnownFileType = sourcecode.c.h; path = "Amandala-Bridging-Header.h"; sourceTree = "<group>"; };
		9DAF6F9923D850380077AD54 /* UIView+makeCorners.swift */ = {isa = PBXFileReference; lastKnownFileType = sourcecode.swift; path = "UIView+makeCorners.swift"; sourceTree = "<group>"; };
		9DAF6FA323D859860077AD54 /* ColorPickerViewController.swift */ = {isa = PBXFileReference; lastKnownFileType = sourcecode.swift; path = ColorPickerViewController.swift; sourceTree = "<group>"; };
		9DAF6FA423D859860077AD54 /* ColorPickerViewController.xib */ = {isa = PBXFileReference; lastKnownFileType = file.xib; path = ColorPickerViewController.xib; sourceTree = "<group>"; };
		BE524FECFAF42662CBAEA28B /* Pods_Amandala.framework */ = {isa = PBXFileReference; explicitFileType = wrapper.framework; includeInIndex = 0; path = Pods_Amandala.framework; sourceTree = BUILT_PRODUCTS_DIR; };
		DEC8A505C6E1FE3A1E736BE1 /* Pods-Amandala.debug.xcconfig */ = {isa = PBXFileReference; includeInIndex = 1; lastKnownFileType = text.xcconfig; name = "Pods-Amandala.debug.xcconfig"; path = "Target Support Files/Pods-Amandala/Pods-Amandala.debug.xcconfig"; sourceTree = "<group>"; };
/* End PBXFileReference section */

/* Begin PBXFrameworksBuildPhase section */
		9D48982923BDE25A001EC93B /* Frameworks */ = {
			isa = PBXFrameworksBuildPhase;
			buildActionMask = 2147483647;
			files = (
				9D020C9A23CC6285005B66E1 /* Pods_Amandala.framework in Frameworks */,
			);
			runOnlyForDeploymentPostprocessing = 0;
		};
/* End PBXFrameworksBuildPhase section */

/* Begin PBXGroup section */
		9D48982323BDE25A001EC93B = {
			isa = PBXGroup;
			children = (
				9D48982E23BDE25A001EC93B /* Amandala */,
				9D48982D23BDE25A001EC93B /* Products */,
				A8C8BDB5F4353DE32B597679 /* Pods */,
				BBC5272506142FBA1E2D0C0B /* Frameworks */,
			);
			sourceTree = "<group>";
		};
		9D48982D23BDE25A001EC93B /* Products */ = {
			isa = PBXGroup;
			children = (
				9D48982C23BDE25A001EC93B /* Amandala.app */,
			);
			name = Products;
			sourceTree = "<group>";
		};
		9D48982E23BDE25A001EC93B /* Amandala */ = {
			isa = PBXGroup;
			children = (
				9D48982F23BDE25A001EC93B /* AppDelegate.swift */,
				9D48983123BDE25A001EC93B /* SceneDelegate.swift */,
				9D48983523BDE25A001EC93B /* Main.storyboard */,
				9D717EA523DF458D007081C2 /* ViewControllers */,
				9D717EA423DF445C007081C2 /* CustomElement */,
				9D48984723BE1F6C001EC93B /* Utilits */,
				9D70FB1223E07CF8007072C3 /* Models */,
				9D48984823BE1F79001EC93B /* Resources */,
				9D70FA8723E06CFE007072C3 /* LibraryData */,
				9D48983823BDE25B001EC93B /* Assets.xcassets */,
				9D48983A23BDE25B001EC93B /* LaunchScreen.storyboard */,
				9D48983D23BDE25C001EC93B /* Info.plist */,
			);
			path = Amandala;
			sourceTree = "<group>";
		};
		9D48984723BE1F6C001EC93B /* Utilits */ = {
			isa = PBXGroup;
			children = (
				9D48984323BE17E4001EC93B /* UIColor+HEX.swift */,
				9D73A38D23E1E83A00E73C52 /* ViewController+Dismiss.swift */,
				9D48984B23BE32E9001EC93B /* UIView+CornerRadius.swift */,
				9D84A47423CE07E000654ACF /* View+ActivityIndicator.swift */,
				9DAF6F9923D850380077AD54 /* UIView+makeCorners.swift */,
			);
			path = Utilits;
			sourceTree = "<group>";
		};
		9D48984823BE1F79001EC93B /* Resources */ = {
			isa = PBXGroup;
			children = (
				9D48984523BE1C4F001EC93B /* Colors.swift */,
				9D48984923BE1FB0001EC93B /* Strings.swift */,
			);
			path = Resources;
			sourceTree = "<group>";
		};
		9D70FA8723E06CFE007072C3 /* LibraryData */ = {
			isa = PBXGroup;
			children = (
				9D70FA9623E06D26007072C3 /* Complex */,
				9D70FABC23E06D27007072C3 /* Easy */,
				9D70FAA623E06D26007072C3 /* Medium */,
				9D70FA8823E06D25007072C3 /* Special */,
			);
			path = LibraryData;
			sourceTree = "<group>";
		};
		9D70FA8823E06D25007072C3 /* Special */ = {
			isa = PBXGroup;
			children = (
				9D7B68A023EAC417002425C3 /* SvgSpecial1.svg */,
				9D7B68A823EAEFB5002425C3 /* PDFSpecial1.pdf */,
				9D7B68A623EAD2D3002425C3 /* 13.png */,
				9D7B68A423EAD1C3002425C3 /* output-onlinepngtools (1).png */,
				9D70FA8D23E06D25007072C3 /* Special1.png */,
				9D70FA8E23E06D25007072C3 /* Special2.png */,
				9D70FA8F23E06D25007072C3 /* Special3.png */,
				9D70FA8B23E06D25007072C3 /* Special4.png */,
				9D70FA8C23E06D25007072C3 /* Special5.png */,
				9D70FA8A23E06D25007072C3 /* Special6.png */,
				9D70FA8923E06D25007072C3 /* Special7.png */,
				9D70FA9023E06D25007072C3 /* Special8.png */,
				9D70FA9123E06D25007072C3 /* Special9.png */,
				9D70FA9323E06D25007072C3 /* Special10.png */,
				9D70FA9223E06D25007072C3 /* Special11.png */,
				9D70FA9423E06D25007072C3 /* Special12.png */,
				9D70FA9523E06D25007072C3 /* Special0.png */,
			);
			path = Special;
			sourceTree = "<group>";
		};
		9D70FA9623E06D26007072C3 /* Complex */ = {
			isa = PBXGroup;
			children = (
				9D70FA9923E06D26007072C3 /* Complex1.png */,
				9D70FA9723E06D26007072C3 /* Complex2.png */,
				9D70FA9823E06D26007072C3 /* Complex3.png */,
				9D70FA9A23E06D26007072C3 /* Complex4.png */,
				9D70FA9B23E06D26007072C3 /* Complex5.png */,
				9D70FA9D23E06D26007072C3 /* Complex6.png */,
				9D70FA9C23E06D26007072C3 /* Complex7.png */,
				9D70FAA423E06D26007072C3 /* Complex8.png */,
				9D70FAA523E06D26007072C3 /* Complex9.png */,
				9D70FA9F23E06D26007072C3 /* Complex10.png */,
				9D70FA9E23E06D26007072C3 /* Complex11.png */,
				9D70FAA023E06D26007072C3 /* Complex12.png */,
				9D70FAA123E06D26007072C3 /* Complex13.png */,
				9D70FAA223E06D26007072C3 /* Complex14.png */,
				9D70FAA323E06D26007072C3 /* Complex0.png */,
			);
			path = Complex;
			sourceTree = "<group>";
		};
		9D70FAA623E06D26007072C3 /* Medium */ = {
			isa = PBXGroup;
			children = (
				9D70FAAD23E06D26007072C3 /* Medium1.png */,
				9D70FAAC23E06D26007072C3 /* Medium2.png */,
				9D70FAAB23E06D26007072C3 /* Medium3.png */,
				9D70FAAF23E06D26007072C3 /* Medium4.png */,
				9D70FAAE23E06D26007072C3 /* Medium5.png */,
				9D70FAB023E06D26007072C3 /* Medium6.png */,
				9D70FAB123E06D26007072C3 /* Medium7.png */,
				9D70FAB323E06D26007072C3 /* Medium8.png */,
				9D70FAB223E06D26007072C3 /* Medium9.png */,
				9D70FAB823E06D26007072C3 /* Medium10.png */,
				9D70FAB923E06D27007072C3 /* Medium11.png */,
				9D70FABB23E06D27007072C3 /* Medium12.png */,
				9D70FABA23E06D27007072C3 /* Medium13.png */,
				9D70FAB723E06D26007072C3 /* Medium14.png */,
				9D70FAB623E06D26007072C3 /* Medium15.png */,
				9D70FAB423E06D26007072C3 /* Medium16.png */,
				9D70FAB523E06D26007072C3 /* Medium17.png */,
				9D70FAAA23E06D26007072C3 /* Medium18.png */,
				9D70FAA923E06D26007072C3 /* Medium19.png */,
				9D70FAA723E06D26007072C3 /* Medium20.png */,
				9D70FAA823E06D26007072C3 /* Medium0.png */,
			);
			path = Medium;
			sourceTree = "<group>";
		};
		9D70FABC23E06D27007072C3 /* Easy */ = {
			isa = PBXGroup;
			children = (
				9D70FACA23E06D27007072C3 /* Easy1.png */,
				9D70FACB23E06D27007072C3 /* Easy2.png */,
				9D70FACC23E06D27007072C3 /* Easy3.png */,
				9D70FAC823E06D27007072C3 /* Easy4.png */,
				9D70FAC923E06D27007072C3 /* Easy5.png */,
				9D70FAC723E06D27007072C3 /* Easy6.png */,
				9D70FAC623E06D27007072C3 /* Easy7.png */,
				9D70FABD23E06D27007072C3 /* Easy8.png */,
				9D70FABE23E06D27007072C3 /* Easy9.png */,
				9D70FAC323E06D27007072C3 /* Easy10.png */,
				9D70FAC223E06D27007072C3 /* Easy11.png */,
				9D70FAC423E06D27007072C3 /* Easy12.png */,
				9D70FAC523E06D27007072C3 /* Easy13.png */,
				9D70FAC023E06D27007072C3 /* Easy14.png */,
				9D70FAC123E06D27007072C3 /* Easy15.png */,
				9D70FABF23E06D27007072C3 /* Easy0.png */,
			);
			path = Easy;
			sourceTree = "<group>";
		};
		9D70FB1223E07CF8007072C3 /* Models */ = {
			isa = PBXGroup;
			children = (
				9D70FB1323E07EA7007072C3 /* HardcodedValuePictures.swift */,
			);
			path = Models;
			sourceTree = "<group>";
		};
		9D714DC223E9816400FD0992 /* GalleryVCCell */ = {
			isa = PBXGroup;
			children = (
				9D7902A723E1BC2400D59709 /* MandalaCollectionViewCell.swift */,
				9D7902AB23E1C09400D59709 /* MandalaCollectionViewCell.xib */,
			);
			name = GalleryVCCell;
			sourceTree = "<group>";
		};
		9D715B2323C8D3B2009BBCD1 /* FloodFill Algorithm */ = {
			isa = PBXGroup;
			children = (
				9DAF6F8E23D847290077AD54 /* LinkedList.swift */,
				9DAF6F9223D8472A0077AD54 /* Amandala-Bridging-Header.h */,
				9DAF6F9023D8472A0077AD54 /* OpenCVWrapper.h */,
				9DAF6F8D23D847290077AD54 /* OpenCVWrapper.mm */,
			);
			path = "FloodFill Algorithm";
			sourceTree = "<group>";
		};
		9D717EA423DF445C007081C2 /* CustomElement */ = {
			isa = PBXGroup;
			children = (
				9D715B2F23C8D4E3009BBCD1 /* PaintingImageView.swift */,
				9D7B68AA23EB1221002425C3 /* RoundButton.swift */,
				9D7B68A223EAC5B2002425C3 /* SVGImageView.swift */,
				9D017E7D23E88CFA007004A1 /* CenterAlignedCollectionViewFlowLayout.swift */,
				9D715B2323C8D3B2009BBCD1 /* FloodFill Algorithm */,
				9D7FF13823CF0F7B00A00367 /* UIViewCircle.swift */,
				9D7B689E23EABA5B002425C3 /* ViewWithCorner.swift */,
				9D6E8D2623D7304300ECE22D /* AlphaPicker.swift */,
				9D83095723D607E600BCA699 /* MyPresentationController.swift */,
				9D71DB1223E1A6A400735AA9 /* ImageViewWithCorner.swift */,
				9D72780F23E431F60034769E /* CustomTabBarViewController.swift */,
				9D017E7B23E86AA3007004A1 /* ButtonWithCornerRadius.swift */,
			);
			path = CustomElement;
			sourceTree = "<group>";
		};
		9D717EA523DF458D007081C2 /* ViewControllers */ = {
			isa = PBXGroup;
			children = (
				9D48983323BDE25A001EC93B /* DrawingAreaViewController.swift */,
				9D712E4C23E025CC007BBEF2 /* LibraryViewController.swift */,
				9D73A38B23E1CCED00E73C52 /* GalleryViewController.swift */,
				9D1D7EF123E485AE004AEFCF /* ShareViewController.swift */,
				9D71DB0D23E17F6B00735AA9 /* DrawingVCCell */,
				9D71DB0C23E17F4500735AA9 /* LibraryVCCell */,
				9D714DC223E9816400FD0992 /* GalleryVCCell */,
			);
			path = ViewControllers;
			sourceTree = "<group>";
		};
		9D71DB0C23E17F4500735AA9 /* LibraryVCCell */ = {
			isa = PBXGroup;
			children = (
				9D70FA8323E06C40007072C3 /* LibraryTableViewCell.swift */,
				9D70FA8423E06C40007072C3 /* LibraryTableViewCell.xib */,
				9D714DC323E9B4F000FD0992 /* LibraryCollectionViewCell.swift */,
				9D714DC423E9B4F100FD0992 /* LibraryCollectionViewCell.xib */,
				9D71DB0E23E1806D00735AA9 /* HeaderOrderTableView.swift */,
				9D71DB0F23E1806D00735AA9 /* HeaderOrderTableView.xib */,
			);
			name = LibraryVCCell;
			sourceTree = "<group>";
		};
		9D71DB0D23E17F6B00735AA9 /* DrawingVCCell */ = {
			isa = PBXGroup;
			children = (
				9DAF6FA323D859860077AD54 /* ColorPickerViewController.swift */,
				9DAF6FA423D859860077AD54 /* ColorPickerViewController.xib */,
				9D84A47023CE009B00654ACF /* ChooseColorCollectionViewCell.swift */,
				9D84A47123CE009B00654ACF /* ChooseColorCollectionViewCell.xib */,
			);
			name = DrawingVCCell;
			sourceTree = "<group>";
		};
		A8C8BDB5F4353DE32B597679 /* Pods */ = {
			isa = PBXGroup;
			children = (
				DEC8A505C6E1FE3A1E736BE1 /* Pods-Amandala.debug.xcconfig */,
				4D7BD7D392793E8830505CED /* Pods-Amandala.release.xcconfig */,
			);
			path = Pods;
			sourceTree = "<group>";
		};
		BBC5272506142FBA1E2D0C0B /* Frameworks */ = {
			isa = PBXGroup;
			children = (
				BE524FECFAF42662CBAEA28B /* Pods_Amandala.framework */,
			);
			name = Frameworks;
			sourceTree = "<group>";
		};
/* End PBXGroup section */

/* Begin PBXNativeTarget section */
		9D48982B23BDE25A001EC93B /* Amandala */ = {
			isa = PBXNativeTarget;
			buildConfigurationList = 9D48984023BDE25C001EC93B /* Build configuration list for PBXNativeTarget "Amandala" */;
			buildPhases = (
				BB5DF05D6EA22D72C71F01D8 /* [CP] Check Pods Manifest.lock */,
				9D48982823BDE25A001EC93B /* Sources */,
				9D48982923BDE25A001EC93B /* Frameworks */,
				9D48982A23BDE25A001EC93B /* Resources */,
				1C2F3CEACCBDA0C842E2053E /* [CP] Embed Pods Frameworks */,
				9D020C9C23CC6285005B66E1 /* Embed Frameworks */,
			);
			buildRules = (
			);
			dependencies = (
			);
			name = Amandala;
			productName = Amandala;
			productReference = 9D48982C23BDE25A001EC93B /* Amandala.app */;
			productType = "com.apple.product-type.application";
		};
/* End PBXNativeTarget section */

/* Begin PBXProject section */
		9D48982423BDE25A001EC93B /* Project object */ = {
			isa = PBXProject;
			attributes = {
				LastSwiftUpdateCheck = 1130;
				LastUpgradeCheck = 1130;
				ORGANIZATIONNAME = "Kseniia Shkurenko";
				TargetAttributes = {
					9D48982B23BDE25A001EC93B = {
						CreatedOnToolsVersion = 11.3;
						LastSwiftMigration = 1130;
					};
				};
			};
			buildConfigurationList = 9D48982723BDE25A001EC93B /* Build configuration list for PBXProject "Amandala" */;
			compatibilityVersion = "Xcode 9.3";
			developmentRegion = en;
			hasScannedForEncodings = 0;
			knownRegions = (
				en,
				Base,
			);
			mainGroup = 9D48982323BDE25A001EC93B;
			productRefGroup = 9D48982D23BDE25A001EC93B /* Products */;
			projectDirPath = "";
			projectRoot = "";
			targets = (
				9D48982B23BDE25A001EC93B /* Amandala */,
			);
		};
/* End PBXProject section */

/* Begin PBXResourcesBuildPhase section */
		9D48982A23BDE25A001EC93B /* Resources */ = {
			isa = PBXResourcesBuildPhase;
			buildActionMask = 2147483647;
			files = (
				9D70FB0B23E06D28007072C3 /* Easy1.png in Resources */,
				9D70FAD423E06D27007072C3 /* Special8.png in Resources */,
				9D70FAD123E06D27007072C3 /* Special1.png in Resources */,
				9D7B68A123EAC417002425C3 /* SvgSpecial1.svg in Resources */,
				9D48983C23BDE25C001EC93B /* LaunchScreen.storyboard in Resources */,
				9D70FAD623E06D27007072C3 /* Special11.png in Resources */,
				9D70FAD223E06D27007072C3 /* Special2.png in Resources */,
				9D70FAFA23E06D28007072C3 /* Medium10.png in Resources */,
				9D70FAFE23E06D28007072C3 /* Easy8.png in Resources */,
				9D70FB0A23E06D28007072C3 /* Easy5.png in Resources */,
				9D70FADA23E06D27007072C3 /* Complex2.png in Resources */,
				9D7B68A523EAD1C3002425C3 /* output-onlinepngtools (1).png in Resources */,
				9D70FAEF23E06D27007072C3 /* Medium1.png in Resources */,
				9D7B68A923EAEFB5002425C3 /* PDFSpecial1.pdf in Resources */,
				9D70FAFD23E06D28007072C3 /* Medium12.png in Resources */,
				9D70FAF623E06D27007072C3 /* Medium16.png in Resources */,
				9D70FAF823E06D27007072C3 /* Medium15.png in Resources */,
				9D70FAFF23E06D28007072C3 /* Easy9.png in Resources */,
				9D70FAD723E06D27007072C3 /* Special10.png in Resources */,
				9D70FAEA23E06D27007072C3 /* Medium0.png in Resources */,
				9D70FB0923E06D28007072C3 /* Easy4.png in Resources */,
				9D48983923BDE25B001EC93B /* Assets.xcassets in Resources */,
				9D70FB0423E06D28007072C3 /* Easy10.png in Resources */,
				9DAF6FA623D859860077AD54 /* ColorPickerViewController.xib in Resources */,
				9D70FB0D23E06D28007072C3 /* Easy3.png in Resources */,
				9D70FADB23E06D27007072C3 /* Complex3.png in Resources */,
				9D71DB1123E1806D00735AA9 /* HeaderOrderTableView.xib in Resources */,
				9D70FB0323E06D28007072C3 /* Easy11.png in Resources */,
				9D7B68A723EAD2D4002425C3 /* 13.png in Resources */,
				9D70FAF723E06D27007072C3 /* Medium17.png in Resources */,
				9D70FAEB23E06D27007072C3 /* Medium19.png in Resources */,
				9D70FAF223E06D27007072C3 /* Medium6.png in Resources */,
				9D70FADC23E06D27007072C3 /* Complex1.png in Resources */,
				9D70FAE523E06D27007072C3 /* Complex14.png in Resources */,
				9D70FADD23E06D27007072C3 /* Complex4.png in Resources */,
				9D70FADE23E06D27007072C3 /* Complex5.png in Resources */,
				9D70FAE323E06D27007072C3 /* Complex12.png in Resources */,
				9D70FAEC23E06D27007072C3 /* Medium18.png in Resources */,
				9D84A47323CE009B00654ACF /* ChooseColorCollectionViewCell.xib in Resources */,
				9D70FAD323E06D27007072C3 /* Special3.png in Resources */,
				9D70FAFB23E06D28007072C3 /* Medium11.png in Resources */,
				9D70FAF923E06D28007072C3 /* Medium14.png in Resources */,
				9D70FAF523E06D27007072C3 /* Medium8.png in Resources */,
				9D70FACD23E06D27007072C3 /* Special7.png in Resources */,
				9D70FAF023E06D27007072C3 /* Medium5.png in Resources */,
				9D48983723BDE25A001EC93B /* Main.storyboard in Resources */,
				9D70FAED23E06D27007072C3 /* Medium3.png in Resources */,
				9D70FAF123E06D27007072C3 /* Medium4.png in Resources */,
				9D70FAD823E06D27007072C3 /* Special12.png in Resources */,
				9D70FAF423E06D27007072C3 /* Medium9.png in Resources */,
				9D70FACE23E06D27007072C3 /* Special6.png in Resources */,
				9D70FB0823E06D28007072C3 /* Easy6.png in Resources */,
				9D70FAEE23E06D27007072C3 /* Medium2.png in Resources */,
				9D70FB0223E06D28007072C3 /* Easy15.png in Resources */,
				9D70FA8623E06C40007072C3 /* LibraryTableViewCell.xib in Resources */,
				9D70FADF23E06D27007072C3 /* Complex7.png in Resources */,
				9D70FB0723E06D28007072C3 /* Easy7.png in Resources */,
				9D70FAE423E06D27007072C3 /* Complex13.png in Resources */,
				9D70FAE223E06D27007072C3 /* Complex10.png in Resources */,
				9D714DC623E9B4F100FD0992 /* LibraryCollectionViewCell.xib in Resources */,
				9D70FAD923E06D27007072C3 /* Special0.png in Resources */,
				9D70FACF23E06D27007072C3 /* Special4.png in Resources */,
				9D70FB0123E06D28007072C3 /* Easy14.png in Resources */,
				9D70FB0623E06D28007072C3 /* Easy13.png in Resources */,
				9D70FAE023E06D27007072C3 /* Complex6.png in Resources */,
				9D70FB0023E06D28007072C3 /* Easy0.png in Resources */,
				9D7902AC23E1C09500D59709 /* MandalaCollectionViewCell.xib in Resources */,
				9D70FAE923E06D27007072C3 /* Medium20.png in Resources */,
				9D70FAD023E06D27007072C3 /* Special5.png in Resources */,
				9D70FAE123E06D27007072C3 /* Complex11.png in Resources */,
				9D70FAF323E06D27007072C3 /* Medium7.png in Resources */,
				9D70FAE723E06D27007072C3 /* Complex8.png in Resources */,
				9D70FAE623E06D27007072C3 /* Complex0.png in Resources */,
				9D70FAE823E06D27007072C3 /* Complex9.png in Resources */,
				9D70FB0C23E06D28007072C3 /* Easy2.png in Resources */,
				9D70FAFC23E06D28007072C3 /* Medium13.png in Resources */,
				9D70FAD523E06D27007072C3 /* Special9.png in Resources */,
				9D70FB0523E06D28007072C3 /* Easy12.png in Resources */,
			);
			runOnlyForDeploymentPostprocessing = 0;
		};
/* End PBXResourcesBuildPhase section */

/* Begin PBXShellScriptBuildPhase section */
		1C2F3CEACCBDA0C842E2053E /* [CP] Embed Pods Frameworks */ = {
			isa = PBXShellScriptBuildPhase;
			buildActionMask = 2147483647;
			files = (
			);
			inputFileListPaths = (
				"${PODS_ROOT}/Target Support Files/Pods-Amandala/Pods-Amandala-frameworks-${CONFIGURATION}-input-files.xcfilelist",
			);
			name = "[CP] Embed Pods Frameworks";
			outputFileListPaths = (
				"${PODS_ROOT}/Target Support Files/Pods-Amandala/Pods-Amandala-frameworks-${CONFIGURATION}-output-files.xcfilelist",
			);
			runOnlyForDeploymentPostprocessing = 0;
			shellPath = /bin/sh;
			shellScript = "\"${PODS_ROOT}/Target Support Files/Pods-Amandala/Pods-Amandala-frameworks.sh\"\n";
			showEnvVarsInLog = 0;
		};
		BB5DF05D6EA22D72C71F01D8 /* [CP] Check Pods Manifest.lock */ = {
			isa = PBXShellScriptBuildPhase;
			buildActionMask = 2147483647;
			files = (
			);
			inputFileListPaths = (
			);
			inputPaths = (
				"${PODS_PODFILE_DIR_PATH}/Podfile.lock",
				"${PODS_ROOT}/Manifest.lock",
			);
			name = "[CP] Check Pods Manifest.lock";
			outputFileListPaths = (
			);
			outputPaths = (
				"$(DERIVED_FILE_DIR)/Pods-Amandala-checkManifestLockResult.txt",
			);
			runOnlyForDeploymentPostprocessing = 0;
			shellPath = /bin/sh;
			shellScript = "diff \"${PODS_PODFILE_DIR_PATH}/Podfile.lock\" \"${PODS_ROOT}/Manifest.lock\" > /dev/null\nif [ $? != 0 ] ; then\n    # print error to STDERR\n    echo \"error: The sandbox is not in sync with the Podfile.lock. Run 'pod install' or update your CocoaPods installation.\" >&2\n    exit 1\nfi\n# This output is used by Xcode 'outputs' to avoid re-running this script phase.\necho \"SUCCESS\" > \"${SCRIPT_OUTPUT_FILE_0}\"\n";
			showEnvVarsInLog = 0;
		};
/* End PBXShellScriptBuildPhase section */

/* Begin PBXSourcesBuildPhase section */
		9D48982823BDE25A001EC93B /* Sources */ = {
			isa = PBXSourcesBuildPhase;
			buildActionMask = 2147483647;
			files = (
				9D48983423BDE25A001EC93B /* DrawingAreaViewController.swift in Sources */,
				9DAF6F9A23D850380077AD54 /* UIView+makeCorners.swift in Sources */,
				9D712E4D23E025CC007BBEF2 /* LibraryViewController.swift in Sources */,
				9D71DB1323E1A6A400735AA9 /* ImageViewWithCorner.swift in Sources */,
				9D70FB1423E07EA7007072C3 /* HardcodedValuePictures.swift in Sources */,
				9DAF6F9423D8472B0077AD54 /* OpenCVWrapper.mm in Sources */,
				9D73A38E23E1E83A00E73C52 /* ViewController+Dismiss.swift in Sources */,
				9D017E7E23E88CFA007004A1 /* CenterAlignedCollectionViewFlowLayout.swift in Sources */,
				9D7B689F23EABA5B002425C3 /* ViewWithCorner.swift in Sources */,
				9D48984623BE1C4F001EC93B /* Colors.swift in Sources */,
				9D7902A923E1BC2400D59709 /* MandalaCollectionViewCell.swift in Sources */,
				9D48984423BE17E4001EC93B /* UIColor+HEX.swift in Sources */,
				9D6E8D2723D7304400ECE22D /* AlphaPicker.swift in Sources */,
				9DAF6F9523D8472B0077AD54 /* LinkedList.swift in Sources */,
				9D72781023E431F60034769E /* CustomTabBarViewController.swift in Sources */,
				9D7B68AB23EB1221002425C3 /* RoundButton.swift in Sources */,
				9D84A47223CE009B00654ACF /* ChooseColorCollectionViewCell.swift in Sources */,
				9D715B3023C8D4E3009BBCD1 /* PaintingImageView.swift in Sources */,
				9D70FA8523E06C40007072C3 /* LibraryTableViewCell.swift in Sources */,
				9D71DB1023E1806D00735AA9 /* HeaderOrderTableView.swift in Sources */,
				9D48983023BDE25A001EC93B /* AppDelegate.swift in Sources */,
				9DAF6FA523D859860077AD54 /* ColorPickerViewController.swift in Sources */,
				9D7FF13923CF0F7B00A00367 /* UIViewCircle.swift in Sources */,
				9D83095823D607E600BCA699 /* MyPresentationController.swift in Sources */,
				9D84A47523CE07E000654ACF /* View+ActivityIndicator.swift in Sources */,
				9D48984A23BE1FB0001EC93B /* Strings.swift in Sources */,
				9D73A38C23E1CCED00E73C52 /* GalleryViewController.swift in Sources */,
				9D017E7C23E86AA3007004A1 /* ButtonWithCornerRadius.swift in Sources */,
				9D7B68A323EAC5B2002425C3 /* SVGImageView.swift in Sources */,
				9D1D7EF223E485AE004AEFCF /* ShareViewController.swift in Sources */,
				9D714DC523E9B4F100FD0992 /* LibraryCollectionViewCell.swift in Sources */,
				9D48984C23BE32E9001EC93B /* UIView+CornerRadius.swift in Sources */,
				9D48983223BDE25A001EC93B /* SceneDelegate.swift in Sources */,
			);
			runOnlyForDeploymentPostprocessing = 0;
		};
/* End PBXSourcesBuildPhase section */

/* Begin PBXVariantGroup section */
		9D48983523BDE25A001EC93B /* Main.storyboard */ = {
			isa = PBXVariantGroup;
			children = (
				9D48983623BDE25A001EC93B /* Base */,
			);
			name = Main.storyboard;
			sourceTree = "<group>";
		};
		9D48983A23BDE25B001EC93B /* LaunchScreen.storyboard */ = {
			isa = PBXVariantGroup;
			children = (
				9D48983B23BDE25B001EC93B /* Base */,
			);
			name = LaunchScreen.storyboard;
			sourceTree = "<group>";
		};
/* End PBXVariantGroup section */

/* Begin XCBuildConfiguration section */
		9D48983E23BDE25C001EC93B /* Debug */ = {
			isa = XCBuildConfiguration;
			buildSettings = {
				ALWAYS_SEARCH_USER_PATHS = NO;
				CLANG_ANALYZER_NONNULL = YES;
				CLANG_ANALYZER_NUMBER_OBJECT_CONVERSION = YES_AGGRESSIVE;
				CLANG_CXX_LANGUAGE_STANDARD = "gnu++14";
				CLANG_CXX_LIBRARY = "libc++";
				CLANG_ENABLE_MODULES = YES;
				CLANG_ENABLE_OBJC_ARC = YES;
				CLANG_ENABLE_OBJC_WEAK = YES;
				CLANG_WARN_BLOCK_CAPTURE_AUTORELEASING = YES;
				CLANG_WARN_BOOL_CONVERSION = YES;
				CLANG_WARN_COMMA = YES;
				CLANG_WARN_CONSTANT_CONVERSION = YES;
				CLANG_WARN_DEPRECATED_OBJC_IMPLEMENTATIONS = YES;
				CLANG_WARN_DIRECT_OBJC_ISA_USAGE = YES_ERROR;
				CLANG_WARN_DOCUMENTATION_COMMENTS = YES;
				CLANG_WARN_EMPTY_BODY = YES;
				CLANG_WARN_ENUM_CONVERSION = YES;
				CLANG_WARN_INFINITE_RECURSION = YES;
				CLANG_WARN_INT_CONVERSION = YES;
				CLANG_WARN_NON_LITERAL_NULL_CONVERSION = YES;
				CLANG_WARN_OBJC_IMPLICIT_RETAIN_SELF = YES;
				CLANG_WARN_OBJC_LITERAL_CONVERSION = YES;
				CLANG_WARN_OBJC_ROOT_CLASS = YES_ERROR;
				CLANG_WARN_RANGE_LOOP_ANALYSIS = YES;
				CLANG_WARN_STRICT_PROTOTYPES = YES;
				CLANG_WARN_SUSPICIOUS_MOVE = YES;
				CLANG_WARN_UNGUARDED_AVAILABILITY = YES_AGGRESSIVE;
				CLANG_WARN_UNREACHABLE_CODE = YES;
				CLANG_WARN__DUPLICATE_METHOD_MATCH = YES;
				COPY_PHASE_STRIP = NO;
				DEBUG_INFORMATION_FORMAT = dwarf;
				ENABLE_STRICT_OBJC_MSGSEND = YES;
				ENABLE_TESTABILITY = YES;
				GCC_C_LANGUAGE_STANDARD = gnu11;
				GCC_DYNAMIC_NO_PIC = NO;
				GCC_NO_COMMON_BLOCKS = YES;
				GCC_OPTIMIZATION_LEVEL = 0;
				GCC_PREPROCESSOR_DEFINITIONS = (
					"DEBUG=1",
					"$(inherited)",
				);
				GCC_WARN_64_TO_32_BIT_CONVERSION = YES;
				GCC_WARN_ABOUT_RETURN_TYPE = YES_ERROR;
				GCC_WARN_UNDECLARED_SELECTOR = YES;
				GCC_WARN_UNINITIALIZED_AUTOS = YES_AGGRESSIVE;
				GCC_WARN_UNUSED_FUNCTION = YES;
				GCC_WARN_UNUSED_VARIABLE = YES;
				IPHONEOS_DEPLOYMENT_TARGET = 11.4;
				MTL_ENABLE_DEBUG_INFO = INCLUDE_SOURCE;
				MTL_FAST_MATH = YES;
				ONLY_ACTIVE_ARCH = YES;
				SDKROOT = iphoneos;
				SWIFT_ACTIVE_COMPILATION_CONDITIONS = DEBUG;
				SWIFT_OPTIMIZATION_LEVEL = "-Onone";
			};
			name = Debug;
		};
		9D48983F23BDE25C001EC93B /* Release */ = {
			isa = XCBuildConfiguration;
			buildSettings = {
				ALWAYS_SEARCH_USER_PATHS = NO;
				CLANG_ANALYZER_NONNULL = YES;
				CLANG_ANALYZER_NUMBER_OBJECT_CONVERSION = YES_AGGRESSIVE;
				CLANG_CXX_LANGUAGE_STANDARD = "gnu++14";
				CLANG_CXX_LIBRARY = "libc++";
				CLANG_ENABLE_MODULES = YES;
				CLANG_ENABLE_OBJC_ARC = YES;
				CLANG_ENABLE_OBJC_WEAK = YES;
				CLANG_WARN_BLOCK_CAPTURE_AUTORELEASING = YES;
				CLANG_WARN_BOOL_CONVERSION = YES;
				CLANG_WARN_COMMA = YES;
				CLANG_WARN_CONSTANT_CONVERSION = YES;
				CLANG_WARN_DEPRECATED_OBJC_IMPLEMENTATIONS = YES;
				CLANG_WARN_DIRECT_OBJC_ISA_USAGE = YES_ERROR;
				CLANG_WARN_DOCUMENTATION_COMMENTS = YES;
				CLANG_WARN_EMPTY_BODY = YES;
				CLANG_WARN_ENUM_CONVERSION = YES;
				CLANG_WARN_INFINITE_RECURSION = YES;
				CLANG_WARN_INT_CONVERSION = YES;
				CLANG_WARN_NON_LITERAL_NULL_CONVERSION = YES;
				CLANG_WARN_OBJC_IMPLICIT_RETAIN_SELF = YES;
				CLANG_WARN_OBJC_LITERAL_CONVERSION = YES;
				CLANG_WARN_OBJC_ROOT_CLASS = YES_ERROR;
				CLANG_WARN_RANGE_LOOP_ANALYSIS = YES;
				CLANG_WARN_STRICT_PROTOTYPES = YES;
				CLANG_WARN_SUSPICIOUS_MOVE = YES;
				CLANG_WARN_UNGUARDED_AVAILABILITY = YES_AGGRESSIVE;
				CLANG_WARN_UNREACHABLE_CODE = YES;
				CLANG_WARN__DUPLICATE_METHOD_MATCH = YES;
				COPY_PHASE_STRIP = NO;
				DEBUG_INFORMATION_FORMAT = "dwarf-with-dsym";
				ENABLE_NS_ASSERTIONS = NO;
				ENABLE_STRICT_OBJC_MSGSEND = YES;
				GCC_C_LANGUAGE_STANDARD = gnu11;
				GCC_NO_COMMON_BLOCKS = YES;
				GCC_WARN_64_TO_32_BIT_CONVERSION = YES;
				GCC_WARN_ABOUT_RETURN_TYPE = YES_ERROR;
				GCC_WARN_UNDECLARED_SELECTOR = YES;
				GCC_WARN_UNINITIALIZED_AUTOS = YES_AGGRESSIVE;
				GCC_WARN_UNUSED_FUNCTION = YES;
				GCC_WARN_UNUSED_VARIABLE = YES;
				IPHONEOS_DEPLOYMENT_TARGET = 11.4;
				MTL_ENABLE_DEBUG_INFO = NO;
				MTL_FAST_MATH = YES;
				SDKROOT = iphoneos;
				SWIFT_COMPILATION_MODE = wholemodule;
				SWIFT_OPTIMIZATION_LEVEL = "-O";
				VALIDATE_PRODUCT = YES;
			};
			name = Release;
		};
		9D48984123BDE25C001EC93B /* Debug */ = {
			isa = XCBuildConfiguration;
			baseConfigurationReference = DEC8A505C6E1FE3A1E736BE1 /* Pods-Amandala.debug.xcconfig */;
			buildSettings = {
				ASSETCATALOG_COMPILER_APPICON_NAME = AppIcon;
				CLANG_ENABLE_MODULES = YES;
				CODE_SIGN_STYLE = Automatic;
				DEVELOPMENT_TEAM = 7XSVATSQ6N;
				INFOPLIST_FILE = Amandala/Info.plist;
				LD_RUNPATH_SEARCH_PATHS = (
					"$(inherited)",
					"@executable_path/Frameworks",
				);
				PRODUCT_BUNDLE_IDENTIFIER = kinect.pro.Amandala;
				PRODUCT_NAME = "$(TARGET_NAME)";
				SWIFT_OBJC_BRIDGING_HEADER = "Amandala/CustomElement/FloodFill Algorithm/Amandala-Bridging-Header.h";
				SWIFT_OPTIMIZATION_LEVEL = "-Onone";
				SWIFT_VERSION = 5.0;
				TARGETED_DEVICE_FAMILY = "1,2";
			};
			name = Debug;
		};
		9D48984223BDE25C001EC93B /* Release */ = {
			isa = XCBuildConfiguration;
			baseConfigurationReference = 4D7BD7D392793E8830505CED /* Pods-Amandala.release.xcconfig */;
			buildSettings = {
				ASSETCATALOG_COMPILER_APPICON_NAME = AppIcon;
				CLANG_ENABLE_MODULES = YES;
				CODE_SIGN_STYLE = Automatic;
				DEVELOPMENT_TEAM = 7XSVATSQ6N;
				INFOPLIST_FILE = Amandala/Info.plist;
				LD_RUNPATH_SEARCH_PATHS = (
					"$(inherited)",
					"@executable_path/Frameworks",
				);
				PRODUCT_BUNDLE_IDENTIFIER = kinect.pro.Amandala;
				PRODUCT_NAME = "$(TARGET_NAME)";
				SWIFT_OBJC_BRIDGING_HEADER = "Amandala/CustomElement/FloodFill Algorithm/Amandala-Bridging-Header.h";
				SWIFT_VERSION = 5.0;
				TARGETED_DEVICE_FAMILY = "1,2";
			};
			name = Release;
		};
/* End XCBuildConfiguration section */

/* Begin XCConfigurationList section */
		9D48982723BDE25A001EC93B /* Build configuration list for PBXProject "Amandala" */ = {
			isa = XCConfigurationList;
			buildConfigurations = (
				9D48983E23BDE25C001EC93B /* Debug */,
				9D48983F23BDE25C001EC93B /* Release */,
			);
			defaultConfigurationIsVisible = 0;
			defaultConfigurationName = Release;
		};
		9D48984023BDE25C001EC93B /* Build configuration list for PBXNativeTarget "Amandala" */ = {
			isa = XCConfigurationList;
			buildConfigurations = (
				9D48984123BDE25C001EC93B /* Debug */,
				9D48984223BDE25C001EC93B /* Release */,
			);
			defaultConfigurationIsVisible = 0;
			defaultConfigurationName = Release;
		};
/* End XCConfigurationList section */
	};
	rootObject = 9D48982423BDE25A001EC93B /* Project object */;
}
