// !$*UTF8*$!
{
	archiveVersion = 1;
	classes = {
	};
	objectVersion = 51;
	objects = {

/* Begin PBXBuildFile section */
		9D020C9A23CC6285005B66E1 /* Pods_Amandala.framework in Frameworks */ = {isa = PBXBuildFile; fileRef = BE524FECFAF42662CBAEA28B /* Pods_Amandala.framework */; };
		9D020C9B23CC6285005B66E1 /* Pods_Amandala.framework in Embed Frameworks */ = {isa = PBXBuildFile; fileRef = BE524FECFAF42662CBAEA28B /* Pods_Amandala.framework */; settings = {ATTRIBUTES = (CodeSignOnCopy, RemoveHeadersOnCopy, ); }; };
		9D3B031023D0B65700FFE6B1 /* UIImage + Resized.swift in Sources */ = {isa = PBXBuildFile; fileRef = 9D3B030F23D0B65700FFE6B1 /* UIImage + Resized.swift */; };
		9D48983023BDE25A001EC93B /* AppDelegate.swift in Sources */ = {isa = PBXBuildFile; fileRef = 9D48982F23BDE25A001EC93B /* AppDelegate.swift */; };
		9D48983223BDE25A001EC93B /* SceneDelegate.swift in Sources */ = {isa = PBXBuildFile; fileRef = 9D48983123BDE25A001EC93B /* SceneDelegate.swift */; };
		9D48983423BDE25A001EC93B /* DrawingAreaViewController.swift in Sources */ = {isa = PBXBuildFile; fileRef = 9D48983323BDE25A001EC93B /* DrawingAreaViewController.swift */; };
		9D48983723BDE25A001EC93B /* Main.storyboard in Resources */ = {isa = PBXBuildFile; fileRef = 9D48983523BDE25A001EC93B /* Main.storyboard */; };
		9D48983923BDE25B001EC93B /* Assets.xcassets in Resources */ = {isa = PBXBuildFile; fileRef = 9D48983823BDE25B001EC93B /* Assets.xcassets */; };
		9D48983C23BDE25C001EC93B /* LaunchScreen.storyboard in Resources */ = {isa = PBXBuildFile; fileRef = 9D48983A23BDE25B001EC93B /* LaunchScreen.storyboard */; };
		9D48984423BE17E4001EC93B /* UIColor+HEX.swift in Sources */ = {isa = PBXBuildFile; fileRef = 9D48984323BE17E4001EC93B /* UIColor+HEX.swift */; };
		9D48984623BE1C4F001EC93B /* Colors.swift in Sources */ = {isa = PBXBuildFile; fileRef = 9D48984523BE1C4F001EC93B /* Colors.swift */; };
		9D48984A23BE1FB0001EC93B /* Strings.swift in Sources */ = {isa = PBXBuildFile; fileRef = 9D48984923BE1FB0001EC93B /* Strings.swift */; };
		9D48984C23BE32E9001EC93B /* UIView+CornerRadius.swift in Sources */ = {isa = PBXBuildFile; fileRef = 9D48984B23BE32E9001EC93B /* UIView+CornerRadius.swift */; };
		9D715B2B23C8D3FF009BBCD1 /* OpenCVWrapper.mm in Sources */ = {isa = PBXBuildFile; fileRef = 9D715B2523C8D3FD009BBCD1 /* OpenCVWrapper.mm */; };
		9D715B2C23C8D3FF009BBCD1 /* floodFillAlgorithmHelper.swift in Sources */ = {isa = PBXBuildFile; fileRef = 9D715B2623C8D3FE009BBCD1 /* floodFillAlgorithmHelper.swift */; };
		9D715B2D23C8D3FF009BBCD1 /* Define.swift in Sources */ = {isa = PBXBuildFile; fileRef = 9D715B2723C8D3FE009BBCD1 /* Define.swift */; };
		9D715B2E23C8D3FF009BBCD1 /* ImageViewFloodFillAlgorithm.swift in Sources */ = {isa = PBXBuildFile; fileRef = 9D715B2823C8D3FE009BBCD1 /* ImageViewFloodFillAlgorithm.swift */; };
		9D715B3023C8D4E3009BBCD1 /* PaintingImageView.swift in Sources */ = {isa = PBXBuildFile; fileRef = 9D715B2F23C8D4E3009BBCD1 /* PaintingImageView.swift */; };
		9D7FCFFF23D1A69E00E46069 /* 16.svg in Resources */ = {isa = PBXBuildFile; fileRef = 9D7FCFFE23D1A69E00E46069 /* 16.svg */; };
		9D7FD00123D1A9A900E46069 /* 4-2.svg in Resources */ = {isa = PBXBuildFile; fileRef = 9D7FD00023D1A9A900E46069 /* 4-2.svg */; };
		9D7FD00323D1DF4500E46069 /* 10(improved).svg in Resources */ = {isa = PBXBuildFile; fileRef = 9D7FD00223D1DF4500E46069 /* 10(improved).svg */; };
		9D7FF13923CF0F7B00A00367 /* UIViewCircle.swift in Sources */ = {isa = PBXBuildFile; fileRef = 9D7FF13823CF0F7B00A00367 /* UIViewCircle.swift */; };
		9D7FF13B23CF1E5B00A00367 /* LinkedList.swift in Sources */ = {isa = PBXBuildFile; fileRef = 9D7FF13A23CF1E5B00A00367 /* LinkedList.swift */; };
		9D7FF13F23CF7B9B00A00367 /* 20.svg in Resources */ = {isa = PBXBuildFile; fileRef = 9D7FF13E23CF7B9B00A00367 /* 20.svg */; };
		9D7FF14123CF829A00A00367 /* 10.svg in Resources */ = {isa = PBXBuildFile; fileRef = 9D7FF14023CF829A00A00367 /* 10.svg */; };
		9D7FF14323CF88CA00A00367 /* 1.svg in Resources */ = {isa = PBXBuildFile; fileRef = 9D7FF14223CF88CA00A00367 /* 1.svg */; };
		9D83095423D59E0800BCA699 /* View+slideAnimating.swift in Sources */ = {isa = PBXBuildFile; fileRef = 9D83095323D59E0700BCA699 /* View+slideAnimating.swift */; };
		9D83095623D5D34100BCA699 /* ColorPickerView.swift in Sources */ = {isa = PBXBuildFile; fileRef = 9D83095523D5D34100BCA699 /* ColorPickerView.swift */; };
		9D83095823D607E600BCA699 /* MyPresentationController.swift in Sources */ = {isa = PBXBuildFile; fileRef = 9D83095723D607E600BCA699 /* MyPresentationController.swift */; };
		9D84A47223CE009B00654ACF /* ChooseColorCollectionViewCell.swift in Sources */ = {isa = PBXBuildFile; fileRef = 9D84A47023CE009B00654ACF /* ChooseColorCollectionViewCell.swift */; };
		9D84A47323CE009B00654ACF /* ChooseColorCollectionViewCell.xib in Resources */ = {isa = PBXBuildFile; fileRef = 9D84A47123CE009B00654ACF /* ChooseColorCollectionViewCell.xib */; };
		9D84A47523CE07E000654ACF /* View+ActivityIndicator.swift in Sources */ = {isa = PBXBuildFile; fileRef = 9D84A47423CE07E000654ACF /* View+ActivityIndicator.swift */; };
/* End PBXBuildFile section */

/* Begin PBXCopyFilesBuildPhase section */
		9D020C9C23CC6285005B66E1 /* Embed Frameworks */ = {
			isa = PBXCopyFilesBuildPhase;
			buildActionMask = 2147483647;
			dstPath = "";
			dstSubfolderSpec = 10;
			files = (
				9D020C9B23CC6285005B66E1 /* Pods_Amandala.framework in Embed Frameworks */,
			);
			name = "Embed Frameworks";
			runOnlyForDeploymentPostprocessing = 0;
		};
/* End PBXCopyFilesBuildPhase section */

/* Begin PBXFileReference section */
		4D7BD7D392793E8830505CED /* Pods-Amandala.release.xcconfig */ = {isa = PBXFileReference; includeInIndex = 1; lastKnownFileType = text.xcconfig; name = "Pods-Amandala.release.xcconfig"; path = "Target Support Files/Pods-Amandala/Pods-Amandala.release.xcconfig"; sourceTree = "<group>"; };
		9D3B030F23D0B65700FFE6B1 /* UIImage + Resized.swift */ = {isa = PBXFileReference; fileEncoding = 4; lastKnownFileType = sourcecode.swift; path = "UIImage + Resized.swift"; sourceTree = "<group>"; };
		9D48982C23BDE25A001EC93B /* Amandala.app */ = {isa = PBXFileReference; explicitFileType = wrapper.application; includeInIndex = 0; path = Amandala.app; sourceTree = BUILT_PRODUCTS_DIR; };
		9D48982F23BDE25A001EC93B /* AppDelegate.swift */ = {isa = PBXFileReference; lastKnownFileType = sourcecode.swift; path = AppDelegate.swift; sourceTree = "<group>"; };
		9D48983123BDE25A001EC93B /* SceneDelegate.swift */ = {isa = PBXFileReference; lastKnownFileType = sourcecode.swift; path = SceneDelegate.swift; sourceTree = "<group>"; };
		9D48983323BDE25A001EC93B /* DrawingAreaViewController.swift */ = {isa = PBXFileReference; lastKnownFileType = sourcecode.swift; path = DrawingAreaViewController.swift; sourceTree = "<group>"; };
		9D48983623BDE25A001EC93B /* Base */ = {isa = PBXFileReference; lastKnownFileType = file.storyboard; name = Base; path = Base.lproj/Main.storyboard; sourceTree = "<group>"; };
		9D48983823BDE25B001EC93B /* Assets.xcassets */ = {isa = PBXFileReference; lastKnownFileType = folder.assetcatalog; path = Assets.xcassets; sourceTree = "<group>"; };
		9D48983B23BDE25B001EC93B /* Base */ = {isa = PBXFileReference; lastKnownFileType = file.storyboard; name = Base; path = Base.lproj/LaunchScreen.storyboard; sourceTree = "<group>"; };
		9D48983D23BDE25C001EC93B /* Info.plist */ = {isa = PBXFileReference; lastKnownFileType = text.plist.xml; path = Info.plist; sourceTree = "<group>"; };
		9D48984323BE17E4001EC93B /* UIColor+HEX.swift */ = {isa = PBXFileReference; lastKnownFileType = sourcecode.swift; path = "UIColor+HEX.swift"; sourceTree = "<group>"; };
		9D48984523BE1C4F001EC93B /* Colors.swift */ = {isa = PBXFileReference; lastKnownFileType = sourcecode.swift; path = Colors.swift; sourceTree = "<group>"; };
		9D48984923BE1FB0001EC93B /* Strings.swift */ = {isa = PBXFileReference; lastKnownFileType = sourcecode.swift; path = Strings.swift; sourceTree = "<group>"; };
		9D48984B23BE32E9001EC93B /* UIView+CornerRadius.swift */ = {isa = PBXFileReference; lastKnownFileType = sourcecode.swift; path = "UIView+CornerRadius.swift"; sourceTree = "<group>"; };
		9D715B2423C8D3FC009BBCD1 /* Amandala-Bridging-Header.h */ = {isa = PBXFileReference; lastKnownFileType = sourcecode.c.h; path = "Amandala-Bridging-Header.h"; sourceTree = "<group>"; };
		9D715B2523C8D3FD009BBCD1 /* OpenCVWrapper.mm */ = {isa = PBXFileReference; fileEncoding = 4; lastKnownFileType = sourcecode.cpp.objcpp; path = OpenCVWrapper.mm; sourceTree = "<group>"; };
		9D715B2623C8D3FE009BBCD1 /* floodFillAlgorithmHelper.swift */ = {isa = PBXFileReference; fileEncoding = 4; lastKnownFileType = sourcecode.swift; path = floodFillAlgorithmHelper.swift; sourceTree = "<group>"; };
		9D715B2723C8D3FE009BBCD1 /* Define.swift */ = {isa = PBXFileReference; fileEncoding = 4; lastKnownFileType = sourcecode.swift; path = Define.swift; sourceTree = "<group>"; };
		9D715B2823C8D3FE009BBCD1 /* ImageViewFloodFillAlgorithm.swift */ = {isa = PBXFileReference; fileEncoding = 4; lastKnownFileType = sourcecode.swift; path = ImageViewFloodFillAlgorithm.swift; sourceTree = "<group>"; };
		9D715B2923C8D3FF009BBCD1 /* OpenCVWrapper.h */ = {isa = PBXFileReference; fileEncoding = 4; lastKnownFileType = sourcecode.c.h; path = OpenCVWrapper.h; sourceTree = "<group>"; };
		9D715B2F23C8D4E3009BBCD1 /* PaintingImageView.swift */ = {isa = PBXFileReference; fileEncoding = 4; lastKnownFileType = sourcecode.swift; path = PaintingImageView.swift; sourceTree = "<group>"; };
		9D7FCFFE23D1A69E00E46069 /* 16.svg */ = {isa = PBXFileReference; fileEncoding = 4; lastKnownFileType = text.xml; path = 16.svg; sourceTree = "<group>"; };
		9D7FD00023D1A9A900E46069 /* 4-2.svg */ = {isa = PBXFileReference; fileEncoding = 4; lastKnownFileType = text; name = "4-2.svg"; path = "../Pods/4-2.svg"; sourceTree = "<group>"; };
		9D7FD00223D1DF4500E46069 /* 10(improved).svg */ = {isa = PBXFileReference; fileEncoding = 4; lastKnownFileType = text.xml; path = "10(improved).svg"; sourceTree = "<group>"; };
		9D7FF13823CF0F7B00A00367 /* UIViewCircle.swift */ = {isa = PBXFileReference; lastKnownFileType = sourcecode.swift; path = UIViewCircle.swift; sourceTree = "<group>"; };
		9D7FF13A23CF1E5B00A00367 /* LinkedList.swift */ = {isa = PBXFileReference; lastKnownFileType = sourcecode.swift; path = LinkedList.swift; sourceTree = "<group>"; };
		9D7FF13E23CF7B9B00A00367 /* 20.svg */ = {isa = PBXFileReference; fileEncoding = 4; lastKnownFileType = text.xml; path = 20.svg; sourceTree = "<group>"; };
		9D7FF14023CF829A00A00367 /* 10.svg */ = {isa = PBXFileReference; fileEncoding = 4; lastKnownFileType = text.xml; path = 10.svg; sourceTree = "<group>"; };
		9D7FF14223CF88CA00A00367 /* 1.svg */ = {isa = PBXFileReference; fileEncoding = 4; lastKnownFileType = text.xml; path = 1.svg; sourceTree = "<group>"; };
		9D83095323D59E0700BCA699 /* View+slideAnimating.swift */ = {isa = PBXFileReference; fileEncoding = 4; lastKnownFileType = sourcecode.swift; name = "View+slideAnimating.swift"; path = "../../../../../Xeroe/Xeroe/Utilits/View+slideAnimating.swift"; sourceTree = "<group>"; };
		9D83095523D5D34100BCA699 /* ColorPickerView.swift */ = {isa = PBXFileReference; lastKnownFileType = sourcecode.swift; path = ColorPickerView.swift; sourceTree = "<group>"; };
		9D83095723D607E600BCA699 /* MyPresentationController.swift */ = {isa = PBXFileReference; lastKnownFileType = sourcecode.swift; path = MyPresentationController.swift; sourceTree = "<group>"; };
		9D84A47023CE009B00654ACF /* ChooseColorCollectionViewCell.swift */ = {isa = PBXFileReference; lastKnownFileType = sourcecode.swift; path = ChooseColorCollectionViewCell.swift; sourceTree = "<group>"; };
		9D84A47123CE009B00654ACF /* ChooseColorCollectionViewCell.xib */ = {isa = PBXFileReference; lastKnownFileType = file.xib; path = ChooseColorCollectionViewCell.xib; sourceTree = "<group>"; };
		9D84A47423CE07E000654ACF /* View+ActivityIndicator.swift */ = {isa = PBXFileReference; lastKnownFileType = sourcecode.swift; path = "View+ActivityIndicator.swift"; sourceTree = "<group>"; };
		BE524FECFAF42662CBAEA28B /* Pods_Amandala.framework */ = {isa = PBXFileReference; explicitFileType = wrapper.framework; includeInIndex = 0; path = Pods_Amandala.framework; sourceTree = BUILT_PRODUCTS_DIR; };
		DEC8A505C6E1FE3A1E736BE1 /* Pods-Amandala.debug.xcconfig */ = {isa = PBXFileReference; includeInIndex = 1; lastKnownFileType = text.xcconfig; name = "Pods-Amandala.debug.xcconfig"; path = "Target Support Files/Pods-Amandala/Pods-Amandala.debug.xcconfig"; sourceTree = "<group>"; };
/* End PBXFileReference section */

/* Begin PBXFrameworksBuildPhase section */
		9D48982923BDE25A001EC93B /* Frameworks */ = {
			isa = PBXFrameworksBuildPhase;
			buildActionMask = 2147483647;
			files = (
				9D020C9A23CC6285005B66E1 /* Pods_Amandala.framework in Frameworks */,
			);
			runOnlyForDeploymentPostprocessing = 0;
		};
/* End PBXFrameworksBuildPhase section */

/* Begin PBXGroup section */
		9D48982323BDE25A001EC93B = {
			isa = PBXGroup;
			children = (
				9D48982E23BDE25A001EC93B /* Amandala */,
				9D48982D23BDE25A001EC93B /* Products */,
				A8C8BDB5F4353DE32B597679 /* Pods */,
				BBC5272506142FBA1E2D0C0B /* Frameworks */,
			);
			sourceTree = "<group>";
		};
		9D48982D23BDE25A001EC93B /* Products */ = {
			isa = PBXGroup;
			children = (
				9D48982C23BDE25A001EC93B /* Amandala.app */,
			);
			name = Products;
			sourceTree = "<group>";
		};
		9D48982E23BDE25A001EC93B /* Amandala */ = {
			isa = PBXGroup;
			children = (
				9D48982F23BDE25A001EC93B /* AppDelegate.swift */,
				9D48983123BDE25A001EC93B /* SceneDelegate.swift */,
				9D48983323BDE25A001EC93B /* DrawingAreaViewController.swift */,
				9D84A47023CE009B00654ACF /* ChooseColorCollectionViewCell.swift */,
				9D84A47123CE009B00654ACF /* ChooseColorCollectionViewCell.xib */,
				9D48983523BDE25A001EC93B /* Main.storyboard */,
				9D6E8D2523D729CA00ECE22D /* CustomUIElement */,
				9D48984723BE1F6C001EC93B /* Utilits */,
				9D48984823BE1F79001EC93B /* Resources */,
				9D715B2323C8D3B2009BBCD1 /* support */,
				9D48983823BDE25B001EC93B /* Assets.xcassets */,
				9D7FD00023D1A9A900E46069 /* 4-2.svg */,
				9D7FD00223D1DF4500E46069 /* 10(improved).svg */,
				9D7FCFFE23D1A69E00E46069 /* 16.svg */,
				9D7FF14223CF88CA00A00367 /* 1.svg */,
				9D7FF14023CF829A00A00367 /* 10.svg */,
				9D7FF13E23CF7B9B00A00367 /* 20.svg */,
				9D48983A23BDE25B001EC93B /* LaunchScreen.storyboard */,
				9D48983D23BDE25C001EC93B /* Info.plist */,
			);
			path = Amandala;
			sourceTree = "<group>";
		};
		9D48984723BE1F6C001EC93B /* Utilits */ = {
			isa = PBXGroup;
			children = (
				9D48984323BE17E4001EC93B /* UIColor+HEX.swift */,
				9D48984B23BE32E9001EC93B /* UIView+CornerRadius.swift */,
				9D84A47423CE07E000654ACF /* View+ActivityIndicator.swift */,
				9D3B030F23D0B65700FFE6B1 /* UIImage + Resized.swift */,
				9D83095323D59E0700BCA699 /* View+slideAnimating.swift */,
			);
			path = Utilits;
			sourceTree = "<group>";
		};
		9D48984823BE1F79001EC93B /* Resources */ = {
			isa = PBXGroup;
			children = (
				9D48984523BE1C4F001EC93B /* Colors.swift */,
				9D48984923BE1FB0001EC93B /* Strings.swift */,
			);
			path = Resources;
			sourceTree = "<group>";
		};
		9D6E8D2523D729CA00ECE22D /* CustomUIElement */ = {
			isa = PBXGroup;
			children = (
				9D715B2F23C8D4E3009BBCD1 /* PaintingImageView.swift */,
				9D7FF13823CF0F7B00A00367 /* UIViewCircle.swift */,
				9D83095523D5D34100BCA699 /* ColorPickerView.swift */,
				9D83095723D607E600BCA699 /* MyPresentationController.swift */,
			);
			name = CustomUIElement;
			sourceTree = "<group>";
		};
		9D715B2323C8D3B2009BBCD1 /* support */ = {
			isa = PBXGroup;
			children = (
				9D715B2723C8D3FE009BBCD1 /* Define.swift */,
				9D715B2623C8D3FE009BBCD1 /* floodFillAlgorithmHelper.swift */,
				9D715B2823C8D3FE009BBCD1 /* ImageViewFloodFillAlgorithm.swift */,
				9D7FF13A23CF1E5B00A00367 /* LinkedList.swift */,
				9D715B2923C8D3FF009BBCD1 /* OpenCVWrapper.h */,
				9D715B2523C8D3FD009BBCD1 /* OpenCVWrapper.mm */,
				9D715B2423C8D3FC009BBCD1 /* Amandala-Bridging-Header.h */,
			);
			path = support;
			sourceTree = "<group>";
		};
		A8C8BDB5F4353DE32B597679 /* Pods */ = {
			isa = PBXGroup;
			children = (
				DEC8A505C6E1FE3A1E736BE1 /* Pods-Amandala.debug.xcconfig */,
				4D7BD7D392793E8830505CED /* Pods-Amandala.release.xcconfig */,
			);
			path = Pods;
			sourceTree = "<group>";
		};
		BBC5272506142FBA1E2D0C0B /* Frameworks */ = {
			isa = PBXGroup;
			children = (
				BE524FECFAF42662CBAEA28B /* Pods_Amandala.framework */,
			);
			name = Frameworks;
			sourceTree = "<group>";
		};
/* End PBXGroup section */

/* Begin PBXNativeTarget section */
		9D48982B23BDE25A001EC93B /* Amandala */ = {
			isa = PBXNativeTarget;
			buildConfigurationList = 9D48984023BDE25C001EC93B /* Build configuration list for PBXNativeTarget "Amandala" */;
			buildPhases = (
				BB5DF05D6EA22D72C71F01D8 /* [CP] Check Pods Manifest.lock */,
				9D48982823BDE25A001EC93B /* Sources */,
				9D48982923BDE25A001EC93B /* Frameworks */,
				9D48982A23BDE25A001EC93B /* Resources */,
				1C2F3CEACCBDA0C842E2053E /* [CP] Embed Pods Frameworks */,
				9D020C9C23CC6285005B66E1 /* Embed Frameworks */,
			);
			buildRules = (
			);
			dependencies = (
			);
			name = Amandala;
			productName = Amandala;
			productReference = 9D48982C23BDE25A001EC93B /* Amandala.app */;
			productType = "com.apple.product-type.application";
		};
/* End PBXNativeTarget section */

/* Begin PBXProject section */
		9D48982423BDE25A001EC93B /* Project object */ = {
			isa = PBXProject;
			attributes = {
				LastSwiftUpdateCheck = 1130;
				LastUpgradeCheck = 1130;
				ORGANIZATIONNAME = "Kseniia Shkurenko";
				TargetAttributes = {
					9D48982B23BDE25A001EC93B = {
						CreatedOnToolsVersion = 11.3;
						LastSwiftMigration = 1130;
					};
				};
			};
			buildConfigurationList = 9D48982723BDE25A001EC93B /* Build configuration list for PBXProject "Amandala" */;
			compatibilityVersion = "Xcode 9.3";
			developmentRegion = en;
			hasScannedForEncodings = 0;
			knownRegions = (
				en,
				Base,
			);
			mainGroup = 9D48982323BDE25A001EC93B;
			productRefGroup = 9D48982D23BDE25A001EC93B /* Products */;
			projectDirPath = "";
			projectRoot = "";
			targets = (
				9D48982B23BDE25A001EC93B /* Amandala */,
			);
		};
/* End PBXProject section */

/* Begin PBXResourcesBuildPhase section */
		9D48982A23BDE25A001EC93B /* Resources */ = {
			isa = PBXResourcesBuildPhase;
			buildActionMask = 2147483647;
			files = (
				9D7FF14123CF829A00A00367 /* 10.svg in Resources */,
				9D48983C23BDE25C001EC93B /* LaunchScreen.storyboard in Resources */,
				9D48983923BDE25B001EC93B /* Assets.xcassets in Resources */,
				9D7FF13F23CF7B9B00A00367 /* 20.svg in Resources */,
				9D7FCFFF23D1A69E00E46069 /* 16.svg in Resources */,
				9D7FF14323CF88CA00A00367 /* 1.svg in Resources */,
				9D7FD00323D1DF4500E46069 /* 10(improved).svg in Resources */,
				9D7FD00123D1A9A900E46069 /* 4-2.svg in Resources */,
				9D84A47323CE009B00654ACF /* ChooseColorCollectionViewCell.xib in Resources */,
				9D48983723BDE25A001EC93B /* Main.storyboard in Resources */,
			);
			runOnlyForDeploymentPostprocessing = 0;
		};
/* End PBXResourcesBuildPhase section */

/* Begin PBXShellScriptBuildPhase section */
		1C2F3CEACCBDA0C842E2053E /* [CP] Embed Pods Frameworks */ = {
			isa = PBXShellScriptBuildPhase;
			buildActionMask = 2147483647;
			files = (
			);
			inputFileListPaths = (
				"${PODS_ROOT}/Target Support Files/Pods-Amandala/Pods-Amandala-frameworks-${CONFIGURATION}-input-files.xcfilelist",
			);
			name = "[CP] Embed Pods Frameworks";
			outputFileListPaths = (
				"${PODS_ROOT}/Target Support Files/Pods-Amandala/Pods-Amandala-frameworks-${CONFIGURATION}-output-files.xcfilelist",
			);
			runOnlyForDeploymentPostprocessing = 0;
			shellPath = /bin/sh;
			shellScript = "\"${PODS_ROOT}/Target Support Files/Pods-Amandala/Pods-Amandala-frameworks.sh\"\n";
			showEnvVarsInLog = 0;
		};
		BB5DF05D6EA22D72C71F01D8 /* [CP] Check Pods Manifest.lock */ = {
			isa = PBXShellScriptBuildPhase;
			buildActionMask = 2147483647;
			files = (
			);
			inputFileListPaths = (
			);
			inputPaths = (
				"${PODS_PODFILE_DIR_PATH}/Podfile.lock",
				"${PODS_ROOT}/Manifest.lock",
			);
			name = "[CP] Check Pods Manifest.lock";
			outputFileListPaths = (
			);
			outputPaths = (
				"$(DERIVED_FILE_DIR)/Pods-Amandala-checkManifestLockResult.txt",
			);
			runOnlyForDeploymentPostprocessing = 0;
			shellPath = /bin/sh;
			shellScript = "diff \"${PODS_PODFILE_DIR_PATH}/Podfile.lock\" \"${PODS_ROOT}/Manifest.lock\" > /dev/null\nif [ $? != 0 ] ; then\n    # print error to STDERR\n    echo \"error: The sandbox is not in sync with the Podfile.lock. Run 'pod install' or update your CocoaPods installation.\" >&2\n    exit 1\nfi\n# This output is used by Xcode 'outputs' to avoid re-running this script phase.\necho \"SUCCESS\" > \"${SCRIPT_OUTPUT_FILE_0}\"\n";
			showEnvVarsInLog = 0;
		};
/* End PBXShellScriptBuildPhase section */

/* Begin PBXSourcesBuildPhase section */
		9D48982823BDE25A001EC93B /* Sources */ = {
			isa = PBXSourcesBuildPhase;
			buildActionMask = 2147483647;
			files = (
				9D48983423BDE25A001EC93B /* DrawingAreaViewController.swift in Sources */,
				9D3B031023D0B65700FFE6B1 /* UIImage + Resized.swift in Sources */,
				9D715B2B23C8D3FF009BBCD1 /* OpenCVWrapper.mm in Sources */,
				9D48984623BE1C4F001EC93B /* Colors.swift in Sources */,
				9D48984423BE17E4001EC93B /* UIColor+HEX.swift in Sources */,
				9D83095423D59E0800BCA699 /* View+slideAnimating.swift in Sources */,
				9D84A47223CE009B00654ACF /* ChooseColorCollectionViewCell.swift in Sources */,
				9D715B3023C8D4E3009BBCD1 /* PaintingImageView.swift in Sources */,
				9D48983023BDE25A001EC93B /* AppDelegate.swift in Sources */,
				9D7FF13923CF0F7B00A00367 /* UIViewCircle.swift in Sources */,
				9D83095623D5D34100BCA699 /* ColorPickerView.swift in Sources */,
				9D83095823D607E600BCA699 /* MyPresentationController.swift in Sources */,
				9D84A47523CE07E000654ACF /* View+ActivityIndicator.swift in Sources */,
				9D48984A23BE1FB0001EC93B /* Strings.swift in Sources */,
				9D715B2C23C8D3FF009BBCD1 /* floodFillAlgorithmHelper.swift in Sources */,
				9D48984C23BE32E9001EC93B /* UIView+CornerRadius.swift in Sources */,
				9D715B2E23C8D3FF009BBCD1 /* ImageViewFloodFillAlgorithm.swift in Sources */,
				9D715B2D23C8D3FF009BBCD1 /* Define.swift in Sources */,
				9D7FF13B23CF1E5B00A00367 /* LinkedList.swift in Sources */,
				9D48983223BDE25A001EC93B /* SceneDelegate.swift in Sources */,
			);
			runOnlyForDeploymentPostprocessing = 0;
		};
/* End PBXSourcesBuildPhase section */

/* Begin PBXVariantGroup section */
		9D48983523BDE25A001EC93B /* Main.storyboard */ = {
			isa = PBXVariantGroup;
			children = (
				9D48983623BDE25A001EC93B /* Base */,
			);
			name = Main.storyboard;
			sourceTree = "<group>";
		};
		9D48983A23BDE25B001EC93B /* LaunchScreen.storyboard */ = {
			isa = PBXVariantGroup;
			children = (
				9D48983B23BDE25B001EC93B /* Base */,
			);
			name = LaunchScreen.storyboard;
			sourceTree = "<group>";
		};
/* End PBXVariantGroup section */

/* Begin XCBuildConfiguration section */
		9D48983E23BDE25C001EC93B /* Debug */ = {
			isa = XCBuildConfiguration;
			buildSettings = {
				ALWAYS_SEARCH_USER_PATHS = NO;
				CLANG_ANALYZER_NONNULL = YES;
				CLANG_ANALYZER_NUMBER_OBJECT_CONVERSION = YES_AGGRESSIVE;
				CLANG_CXX_LANGUAGE_STANDARD = "gnu++14";
				CLANG_CXX_LIBRARY = "libc++";
				CLANG_ENABLE_MODULES = YES;
				CLANG_ENABLE_OBJC_ARC = YES;
				CLANG_ENABLE_OBJC_WEAK = YES;
				CLANG_WARN_BLOCK_CAPTURE_AUTORELEASING = YES;
				CLANG_WARN_BOOL_CONVERSION = YES;
				CLANG_WARN_COMMA = YES;
				CLANG_WARN_CONSTANT_CONVERSION = YES;
				CLANG_WARN_DEPRECATED_OBJC_IMPLEMENTATIONS = YES;
				CLANG_WARN_DIRECT_OBJC_ISA_USAGE = YES_ERROR;
				CLANG_WARN_DOCUMENTATION_COMMENTS = YES;
				CLANG_WARN_EMPTY_BODY = YES;
				CLANG_WARN_ENUM_CONVERSION = YES;
				CLANG_WARN_INFINITE_RECURSION = YES;
				CLANG_WARN_INT_CONVERSION = YES;
				CLANG_WARN_NON_LITERAL_NULL_CONVERSION = YES;
				CLANG_WARN_OBJC_IMPLICIT_RETAIN_SELF = YES;
				CLANG_WARN_OBJC_LITERAL_CONVERSION = YES;
				CLANG_WARN_OBJC_ROOT_CLASS = YES_ERROR;
				CLANG_WARN_RANGE_LOOP_ANALYSIS = YES;
				CLANG_WARN_STRICT_PROTOTYPES = YES;
				CLANG_WARN_SUSPICIOUS_MOVE = YES;
				CLANG_WARN_UNGUARDED_AVAILABILITY = YES_AGGRESSIVE;
				CLANG_WARN_UNREACHABLE_CODE = YES;
				CLANG_WARN__DUPLICATE_METHOD_MATCH = YES;
				COPY_PHASE_STRIP = NO;
				DEBUG_INFORMATION_FORMAT = dwarf;
				ENABLE_STRICT_OBJC_MSGSEND = YES;
				ENABLE_TESTABILITY = YES;
				GCC_C_LANGUAGE_STANDARD = gnu11;
				GCC_DYNAMIC_NO_PIC = NO;
				GCC_NO_COMMON_BLOCKS = YES;
				GCC_OPTIMIZATION_LEVEL = 0;
				GCC_PREPROCESSOR_DEFINITIONS = (
					"DEBUG=1",
					"$(inherited)",
				);
				GCC_WARN_64_TO_32_BIT_CONVERSION = YES;
				GCC_WARN_ABOUT_RETURN_TYPE = YES_ERROR;
				GCC_WARN_UNDECLARED_SELECTOR = YES;
				GCC_WARN_UNINITIALIZED_AUTOS = YES_AGGRESSIVE;
				GCC_WARN_UNUSED_FUNCTION = YES;
				GCC_WARN_UNUSED_VARIABLE = YES;
				IPHONEOS_DEPLOYMENT_TARGET = 11.4;
				MTL_ENABLE_DEBUG_INFO = INCLUDE_SOURCE;
				MTL_FAST_MATH = YES;
				ONLY_ACTIVE_ARCH = YES;
				SDKROOT = iphoneos;
				SWIFT_ACTIVE_COMPILATION_CONDITIONS = DEBUG;
				SWIFT_OPTIMIZATION_LEVEL = "-Onone";
			};
			name = Debug;
		};
		9D48983F23BDE25C001EC93B /* Release */ = {
			isa = XCBuildConfiguration;
			buildSettings = {
				ALWAYS_SEARCH_USER_PATHS = NO;
				CLANG_ANALYZER_NONNULL = YES;
				CLANG_ANALYZER_NUMBER_OBJECT_CONVERSION = YES_AGGRESSIVE;
				CLANG_CXX_LANGUAGE_STANDARD = "gnu++14";
				CLANG_CXX_LIBRARY = "libc++";
				CLANG_ENABLE_MODULES = YES;
				CLANG_ENABLE_OBJC_ARC = YES;
				CLANG_ENABLE_OBJC_WEAK = YES;
				CLANG_WARN_BLOCK_CAPTURE_AUTORELEASING = YES;
				CLANG_WARN_BOOL_CONVERSION = YES;
				CLANG_WARN_COMMA = YES;
				CLANG_WARN_CONSTANT_CONVERSION = YES;
				CLANG_WARN_DEPRECATED_OBJC_IMPLEMENTATIONS = YES;
				CLANG_WARN_DIRECT_OBJC_ISA_USAGE = YES_ERROR;
				CLANG_WARN_DOCUMENTATION_COMMENTS = YES;
				CLANG_WARN_EMPTY_BODY = YES;
				CLANG_WARN_ENUM_CONVERSION = YES;
				CLANG_WARN_INFINITE_RECURSION = YES;
				CLANG_WARN_INT_CONVERSION = YES;
				CLANG_WARN_NON_LITERAL_NULL_CONVERSION = YES;
				CLANG_WARN_OBJC_IMPLICIT_RETAIN_SELF = YES;
				CLANG_WARN_OBJC_LITERAL_CONVERSION = YES;
				CLANG_WARN_OBJC_ROOT_CLASS = YES_ERROR;
				CLANG_WARN_RANGE_LOOP_ANALYSIS = YES;
				CLANG_WARN_STRICT_PROTOTYPES = YES;
				CLANG_WARN_SUSPICIOUS_MOVE = YES;
				CLANG_WARN_UNGUARDED_AVAILABILITY = YES_AGGRESSIVE;
				CLANG_WARN_UNREACHABLE_CODE = YES;
				CLANG_WARN__DUPLICATE_METHOD_MATCH = YES;
				COPY_PHASE_STRIP = NO;
				DEBUG_INFORMATION_FORMAT = "dwarf-with-dsym";
				ENABLE_NS_ASSERTIONS = NO;
				ENABLE_STRICT_OBJC_MSGSEND = YES;
				GCC_C_LANGUAGE_STANDARD = gnu11;
				GCC_NO_COMMON_BLOCKS = YES;
				GCC_WARN_64_TO_32_BIT_CONVERSION = YES;
				GCC_WARN_ABOUT_RETURN_TYPE = YES_ERROR;
				GCC_WARN_UNDECLARED_SELECTOR = YES;
				GCC_WARN_UNINITIALIZED_AUTOS = YES_AGGRESSIVE;
				GCC_WARN_UNUSED_FUNCTION = YES;
				GCC_WARN_UNUSED_VARIABLE = YES;
				IPHONEOS_DEPLOYMENT_TARGET = 11.4;
				MTL_ENABLE_DEBUG_INFO = NO;
				MTL_FAST_MATH = YES;
				SDKROOT = iphoneos;
				SWIFT_COMPILATION_MODE = wholemodule;
				SWIFT_OPTIMIZATION_LEVEL = "-O";
				VALIDATE_PRODUCT = YES;
			};
			name = Release;
		};
		9D48984123BDE25C001EC93B /* Debug */ = {
			isa = XCBuildConfiguration;
			baseConfigurationReference = DEC8A505C6E1FE3A1E736BE1 /* Pods-Amandala.debug.xcconfig */;
			buildSettings = {
				ASSETCATALOG_COMPILER_APPICON_NAME = AppIcon;
				CLANG_ENABLE_MODULES = YES;
				CODE_SIGN_STYLE = Automatic;
				DEVELOPMENT_TEAM = 7XSVATSQ6N;
				INFOPLIST_FILE = Amandala/Info.plist;
				LD_RUNPATH_SEARCH_PATHS = (
					"$(inherited)",
					"@executable_path/Frameworks",
				);
				PRODUCT_BUNDLE_IDENTIFIER = kinect.pro.Amandala;
				PRODUCT_NAME = "$(TARGET_NAME)";
				SWIFT_OBJC_BRIDGING_HEADER = "Amandala/support/Amandala-Bridging-Header.h";
				SWIFT_OPTIMIZATION_LEVEL = "-Onone";
				SWIFT_VERSION = 5.0;
				TARGETED_DEVICE_FAMILY = "1,2";
			};
			name = Debug;
		};
		9D48984223BDE25C001EC93B /* Release */ = {
			isa = XCBuildConfiguration;
			baseConfigurationReference = 4D7BD7D392793E8830505CED /* Pods-Amandala.release.xcconfig */;
			buildSettings = {
				ASSETCATALOG_COMPILER_APPICON_NAME = AppIcon;
				CLANG_ENABLE_MODULES = YES;
				CODE_SIGN_STYLE = Automatic;
				DEVELOPMENT_TEAM = 7XSVATSQ6N;
				INFOPLIST_FILE = Amandala/Info.plist;
				LD_RUNPATH_SEARCH_PATHS = (
					"$(inherited)",
					"@executable_path/Frameworks",
				);
				PRODUCT_BUNDLE_IDENTIFIER = kinect.pro.Amandala;
				PRODUCT_NAME = "$(TARGET_NAME)";
				SWIFT_OBJC_BRIDGING_HEADER = "Amandala/support/Amandala-Bridging-Header.h";
				SWIFT_VERSION = 5.0;
				TARGETED_DEVICE_FAMILY = "1,2";
			};
			name = Release;
		};
/* End XCBuildConfiguration section */

/* Begin XCConfigurationList section */
		9D48982723BDE25A001EC93B /* Build configuration list for PBXProject "Amandala" */ = {
			isa = XCConfigurationList;
			buildConfigurations = (
				9D48983E23BDE25C001EC93B /* Debug */,
				9D48983F23BDE25C001EC93B /* Release */,
			);
			defaultConfigurationIsVisible = 0;
			defaultConfigurationName = Release;
		};
		9D48984023BDE25C001EC93B /* Build configuration list for PBXNativeTarget "Amandala" */ = {
			isa = XCConfigurationList;
			buildConfigurations = (
				9D48984123BDE25C001EC93B /* Debug */,
				9D48984223BDE25C001EC93B /* Release */,
			);
			defaultConfigurationIsVisible = 0;
			defaultConfigurationName = Release;
		};
/* End XCConfigurationList section */
	};
	rootObject = 9D48982423BDE25A001EC93B /* Project object */;
}
